// !$*UTF8*$!
{
	archiveVersion = 1;
	classes = {
	};
	objectVersion = 46;
	objects = {

/* Begin PBXBuildFile section */
		OBJ_120 /* c-atomics.c in Sources */ = {isa = PBXBuildFile; fileRef = OBJ_37 /* c-atomics.c */; };
		OBJ_127 /* shim.c in Sources */ = {isa = PBXBuildFile; fileRef = OBJ_97 /* shim.c */; };
		OBJ_134 /* shim.c in Sources */ = {isa = PBXBuildFile; fileRef = OBJ_18 /* shim.c */; };
		OBJ_141 /* c_nio_sha1.c in Sources */ = {isa = PBXBuildFile; fileRef = OBJ_29 /* c_nio_sha1.c */; };
		OBJ_148 /* AddressedEnvelope.swift in Sources */ = {isa = PBXBuildFile; fileRef = OBJ_47 /* AddressedEnvelope.swift */; };
		OBJ_149 /* BaseSocket.swift in Sources */ = {isa = PBXBuildFile; fileRef = OBJ_48 /* BaseSocket.swift */; };
		OBJ_150 /* BaseSocketChannel.swift in Sources */ = {isa = PBXBuildFile; fileRef = OBJ_49 /* BaseSocketChannel.swift */; };
		OBJ_151 /* BlockingIOThreadPool.swift in Sources */ = {isa = PBXBuildFile; fileRef = OBJ_50 /* BlockingIOThreadPool.swift */; };
		OBJ_152 /* Bootstrap.swift in Sources */ = {isa = PBXBuildFile; fileRef = OBJ_51 /* Bootstrap.swift */; };
		OBJ_153 /* ByteBuffer-aux.swift in Sources */ = {isa = PBXBuildFile; fileRef = OBJ_52 /* ByteBuffer-aux.swift */; };
		OBJ_154 /* ByteBuffer-core.swift in Sources */ = {isa = PBXBuildFile; fileRef = OBJ_53 /* ByteBuffer-core.swift */; };
		OBJ_155 /* ByteBuffer-int.swift in Sources */ = {isa = PBXBuildFile; fileRef = OBJ_54 /* ByteBuffer-int.swift */; };
		OBJ_156 /* Channel.swift in Sources */ = {isa = PBXBuildFile; fileRef = OBJ_55 /* Channel.swift */; };
		OBJ_157 /* ChannelHandler.swift in Sources */ = {isa = PBXBuildFile; fileRef = OBJ_56 /* ChannelHandler.swift */; };
		OBJ_158 /* ChannelHandlers.swift in Sources */ = {isa = PBXBuildFile; fileRef = OBJ_57 /* ChannelHandlers.swift */; };
		OBJ_159 /* ChannelInvoker.swift in Sources */ = {isa = PBXBuildFile; fileRef = OBJ_58 /* ChannelInvoker.swift */; };
		OBJ_160 /* ChannelOption.swift in Sources */ = {isa = PBXBuildFile; fileRef = OBJ_59 /* ChannelOption.swift */; };
		OBJ_161 /* ChannelPipeline.swift in Sources */ = {isa = PBXBuildFile; fileRef = OBJ_60 /* ChannelPipeline.swift */; };
		OBJ_162 /* CircularBuffer.swift in Sources */ = {isa = PBXBuildFile; fileRef = OBJ_61 /* CircularBuffer.swift */; };
		OBJ_163 /* Codec.swift in Sources */ = {isa = PBXBuildFile; fileRef = OBJ_62 /* Codec.swift */; };
		OBJ_164 /* CompositeError.swift in Sources */ = {isa = PBXBuildFile; fileRef = OBJ_63 /* CompositeError.swift */; };
		OBJ_165 /* DeadChannel.swift in Sources */ = {isa = PBXBuildFile; fileRef = OBJ_64 /* DeadChannel.swift */; };
		OBJ_166 /* Embedded.swift in Sources */ = {isa = PBXBuildFile; fileRef = OBJ_65 /* Embedded.swift */; };
		OBJ_167 /* EventLoop.swift in Sources */ = {isa = PBXBuildFile; fileRef = OBJ_66 /* EventLoop.swift */; };
		OBJ_168 /* EventLoopFuture.swift in Sources */ = {isa = PBXBuildFile; fileRef = OBJ_67 /* EventLoopFuture.swift */; };
		OBJ_169 /* FileDescriptor.swift in Sources */ = {isa = PBXBuildFile; fileRef = OBJ_68 /* FileDescriptor.swift */; };
		OBJ_170 /* FileHandle.swift in Sources */ = {isa = PBXBuildFile; fileRef = OBJ_69 /* FileHandle.swift */; };
		OBJ_171 /* FileRegion.swift in Sources */ = {isa = PBXBuildFile; fileRef = OBJ_70 /* FileRegion.swift */; };
		OBJ_172 /* GetaddrinfoResolver.swift in Sources */ = {isa = PBXBuildFile; fileRef = OBJ_71 /* GetaddrinfoResolver.swift */; };
		OBJ_173 /* HappyEyeballs.swift in Sources */ = {isa = PBXBuildFile; fileRef = OBJ_72 /* HappyEyeballs.swift */; };
		OBJ_174 /* IO.swift in Sources */ = {isa = PBXBuildFile; fileRef = OBJ_73 /* IO.swift */; };
		OBJ_175 /* IOData.swift in Sources */ = {isa = PBXBuildFile; fileRef = OBJ_74 /* IOData.swift */; };
		OBJ_176 /* Interfaces.swift in Sources */ = {isa = PBXBuildFile; fileRef = OBJ_75 /* Interfaces.swift */; };
		OBJ_177 /* Linux.swift in Sources */ = {isa = PBXBuildFile; fileRef = OBJ_76 /* Linux.swift */; };
		OBJ_178 /* LinuxCPUSet.swift in Sources */ = {isa = PBXBuildFile; fileRef = OBJ_77 /* LinuxCPUSet.swift */; };
		OBJ_179 /* MarkedCircularBuffer.swift in Sources */ = {isa = PBXBuildFile; fileRef = OBJ_78 /* MarkedCircularBuffer.swift */; };
		OBJ_180 /* NIOAny.swift in Sources */ = {isa = PBXBuildFile; fileRef = OBJ_79 /* NIOAny.swift */; };
		OBJ_181 /* NonBlockingFileIO.swift in Sources */ = {isa = PBXBuildFile; fileRef = OBJ_80 /* NonBlockingFileIO.swift */; };
		OBJ_182 /* PendingDatagramWritesManager.swift in Sources */ = {isa = PBXBuildFile; fileRef = OBJ_81 /* PendingDatagramWritesManager.swift */; };
		OBJ_183 /* PendingWritesManager.swift in Sources */ = {isa = PBXBuildFile; fileRef = OBJ_82 /* PendingWritesManager.swift */; };
		OBJ_184 /* RecvByteBufferAllocator.swift in Sources */ = {isa = PBXBuildFile; fileRef = OBJ_83 /* RecvByteBufferAllocator.swift */; };
		OBJ_185 /* Resolver.swift in Sources */ = {isa = PBXBuildFile; fileRef = OBJ_84 /* Resolver.swift */; };
		OBJ_186 /* Selectable.swift in Sources */ = {isa = PBXBuildFile; fileRef = OBJ_85 /* Selectable.swift */; };
		OBJ_187 /* Selector.swift in Sources */ = {isa = PBXBuildFile; fileRef = OBJ_86 /* Selector.swift */; };
		OBJ_188 /* ServerSocket.swift in Sources */ = {isa = PBXBuildFile; fileRef = OBJ_87 /* ServerSocket.swift */; };
		OBJ_189 /* Socket.swift in Sources */ = {isa = PBXBuildFile; fileRef = OBJ_88 /* Socket.swift */; };
		OBJ_190 /* SocketAddresses.swift in Sources */ = {isa = PBXBuildFile; fileRef = OBJ_89 /* SocketAddresses.swift */; };
		OBJ_191 /* SocketChannel.swift in Sources */ = {isa = PBXBuildFile; fileRef = OBJ_90 /* SocketChannel.swift */; };
		OBJ_192 /* System.swift in Sources */ = {isa = PBXBuildFile; fileRef = OBJ_91 /* System.swift */; };
		OBJ_193 /* Thread.swift in Sources */ = {isa = PBXBuildFile; fileRef = OBJ_92 /* Thread.swift */; };
		OBJ_194 /* TypeAssistedChannelHandler.swift in Sources */ = {isa = PBXBuildFile; fileRef = OBJ_93 /* TypeAssistedChannelHandler.swift */; };
		OBJ_195 /* Utilities.swift in Sources */ = {isa = PBXBuildFile; fileRef = OBJ_94 /* Utilities.swift */; };
		OBJ_197 /* CNIOSHA1.framework in Frameworks */ = {isa = PBXBuildFile; fileRef = "swift-nio::CNIOSHA1::Product" /* CNIOSHA1.framework */; };
		OBJ_198 /* NIOPriorityQueue.framework in Frameworks */ = {isa = PBXBuildFile; fileRef = "swift-nio::NIOPriorityQueue::Product" /* NIOPriorityQueue.framework */; };
		OBJ_199 /* NIOConcurrencyHelpers.framework in Frameworks */ = {isa = PBXBuildFile; fileRef = "swift-nio::NIOConcurrencyHelpers::Product" /* NIOConcurrencyHelpers.framework */; };
		OBJ_200 /* CNIOAtomics.framework in Frameworks */ = {isa = PBXBuildFile; fileRef = "swift-nio::CNIOAtomics::Product" /* CNIOAtomics.framework */; };
		OBJ_201 /* CNIODarwin.framework in Frameworks */ = {isa = PBXBuildFile; fileRef = "swift-nio::CNIODarwin::Product" /* CNIODarwin.framework */; };
		OBJ_202 /* CNIOLinux.framework in Frameworks */ = {isa = PBXBuildFile; fileRef = "swift-nio::CNIOLinux::Product" /* CNIOLinux.framework */; };
		OBJ_215 /* atomics.swift in Sources */ = {isa = PBXBuildFile; fileRef = OBJ_25 /* atomics.swift */; };
		OBJ_216 /* lock.swift in Sources */ = {isa = PBXBuildFile; fileRef = OBJ_26 /* lock.swift */; };
		OBJ_218 /* CNIOAtomics.framework in Frameworks */ = {isa = PBXBuildFile; fileRef = "swift-nio::CNIOAtomics::Product" /* CNIOAtomics.framework */; };
		OBJ_224 /* Heap.swift in Sources */ = {isa = PBXBuildFile; fileRef = OBJ_102 /* Heap.swift */; };
		OBJ_225 /* PriorityQueue.swift in Sources */ = {isa = PBXBuildFile; fileRef = OBJ_103 /* PriorityQueue.swift */; };
		OBJ_232 /* QuoteGenerator.swift in Sources */ = {isa = PBXBuildFile; fileRef = OBJ_9 /* QuoteGenerator.swift */; };
		OBJ_233 /* QuoteHandler.swift in Sources */ = {isa = PBXBuildFile; fileRef = OBJ_10 /* QuoteHandler.swift */; };
		OBJ_234 /* QuoteServer.swift in Sources */ = {isa = PBXBuildFile; fileRef = OBJ_11 /* QuoteServer.swift */; };
		OBJ_235 /* main.swift in Sources */ = {isa = PBXBuildFile; fileRef = OBJ_12 /* main.swift */; };
		OBJ_237 /* NIO.framework in Frameworks */ = {isa = PBXBuildFile; fileRef = "swift-nio::NIO::Product" /* NIO.framework */; };
		OBJ_238 /* CNIOSHA1.framework in Frameworks */ = {isa = PBXBuildFile; fileRef = "swift-nio::CNIOSHA1::Product" /* CNIOSHA1.framework */; };
		OBJ_239 /* NIOPriorityQueue.framework in Frameworks */ = {isa = PBXBuildFile; fileRef = "swift-nio::NIOPriorityQueue::Product" /* NIOPriorityQueue.framework */; };
		OBJ_240 /* NIOConcurrencyHelpers.framework in Frameworks */ = {isa = PBXBuildFile; fileRef = "swift-nio::NIOConcurrencyHelpers::Product" /* NIOConcurrencyHelpers.framework */; };
		OBJ_241 /* CNIOAtomics.framework in Frameworks */ = {isa = PBXBuildFile; fileRef = "swift-nio::CNIOAtomics::Product" /* CNIOAtomics.framework */; };
		OBJ_242 /* CNIODarwin.framework in Frameworks */ = {isa = PBXBuildFile; fileRef = "swift-nio::CNIODarwin::Product" /* CNIODarwin.framework */; };
		OBJ_243 /* CNIOLinux.framework in Frameworks */ = {isa = PBXBuildFile; fileRef = "swift-nio::CNIOLinux::Product" /* CNIOLinux.framework */; };
		OBJ_256 /* Package.swift in Sources */ = {isa = PBXBuildFile; fileRef = OBJ_6 /* Package.swift */; };
		OBJ_262 /* Package.swift in Sources */ = {isa = PBXBuildFile; fileRef = OBJ_105 /* Package.swift */; };
/* End PBXBuildFile section */

/* Begin PBXContainerItemProxy section */
		590E099C207D320C00CC848A /* PBXContainerItemProxy */ = {
			isa = PBXContainerItemProxy;
			containerPortal = OBJ_1 /* Project object */;
			proxyType = 1;
			remoteGlobalIDString = "swift-nio::CNIOAtomics";
			remoteInfo = CNIOAtomics;
		};
		590E099D207D320C00CC848A /* PBXContainerItemProxy */ = {
			isa = PBXContainerItemProxy;
			containerPortal = OBJ_1 /* Project object */;
			proxyType = 1;
			remoteGlobalIDString = "swift-nio::CNIOSHA1";
			remoteInfo = CNIOSHA1;
		};
		590E099E207D320C00CC848A /* PBXContainerItemProxy */ = {
			isa = PBXContainerItemProxy;
			containerPortal = OBJ_1 /* Project object */;
			proxyType = 1;
			remoteGlobalIDString = "swift-nio::NIOPriorityQueue";
			remoteInfo = NIOPriorityQueue;
		};
		590E099F207D320C00CC848A /* PBXContainerItemProxy */ = {
			isa = PBXContainerItemProxy;
			containerPortal = OBJ_1 /* Project object */;
			proxyType = 1;
			remoteGlobalIDString = "swift-nio::NIOConcurrencyHelpers";
			remoteInfo = NIOConcurrencyHelpers;
		};
		590E09A0207D320C00CC848A /* PBXContainerItemProxy */ = {
			isa = PBXContainerItemProxy;
			containerPortal = OBJ_1 /* Project object */;
			proxyType = 1;
			remoteGlobalIDString = "swift-nio::CNIOAtomics";
			remoteInfo = CNIOAtomics;
		};
		590E09A1207D320C00CC848A /* PBXContainerItemProxy */ = {
			isa = PBXContainerItemProxy;
			containerPortal = OBJ_1 /* Project object */;
			proxyType = 1;
			remoteGlobalIDString = "swift-nio::CNIODarwin";
			remoteInfo = CNIODarwin;
		};
		590E09A2207D320C00CC848A /* PBXContainerItemProxy */ = {
			isa = PBXContainerItemProxy;
			containerPortal = OBJ_1 /* Project object */;
			proxyType = 1;
			remoteGlobalIDString = "swift-nio::CNIOLinux";
			remoteInfo = CNIOLinux;
		};
		590E09A3207D320C00CC848A /* PBXContainerItemProxy */ = {
			isa = PBXContainerItemProxy;
			containerPortal = OBJ_1 /* Project object */;
			proxyType = 1;
			remoteGlobalIDString = "swift-nio::NIO";
			remoteInfo = NIO;
		};
		590E09A4207D320C00CC848A /* PBXContainerItemProxy */ = {
			isa = PBXContainerItemProxy;
			containerPortal = OBJ_1 /* Project object */;
			proxyType = 1;
			remoteGlobalIDString = "swift-nio::CNIOSHA1";
			remoteInfo = CNIOSHA1;
		};
		590E09A5207D320C00CC848A /* PBXContainerItemProxy */ = {
			isa = PBXContainerItemProxy;
			containerPortal = OBJ_1 /* Project object */;
			proxyType = 1;
			remoteGlobalIDString = "swift-nio::NIOPriorityQueue";
			remoteInfo = NIOPriorityQueue;
		};
		590E09A6207D320C00CC848A /* PBXContainerItemProxy */ = {
			isa = PBXContainerItemProxy;
			containerPortal = OBJ_1 /* Project object */;
			proxyType = 1;
			remoteGlobalIDString = "swift-nio::NIOConcurrencyHelpers";
			remoteInfo = NIOConcurrencyHelpers;
		};
		590E09A7207D320C00CC848A /* PBXContainerItemProxy */ = {
			isa = PBXContainerItemProxy;
			containerPortal = OBJ_1 /* Project object */;
			proxyType = 1;
			remoteGlobalIDString = "swift-nio::CNIOAtomics";
			remoteInfo = CNIOAtomics;
		};
		590E09A8207D320C00CC848A /* PBXContainerItemProxy */ = {
			isa = PBXContainerItemProxy;
			containerPortal = OBJ_1 /* Project object */;
			proxyType = 1;
			remoteGlobalIDString = "swift-nio::CNIODarwin";
			remoteInfo = CNIODarwin;
		};
		590E09A9207D320C00CC848A /* PBXContainerItemProxy */ = {
			isa = PBXContainerItemProxy;
			containerPortal = OBJ_1 /* Project object */;
			proxyType = 1;
			remoteGlobalIDString = "swift-nio::CNIOLinux";
			remoteInfo = CNIOLinux;
		};
/* End PBXContainerItemProxy section */

/* Begin PBXFileReference section */
		OBJ_10 /* QuoteHandler.swift */ = {isa = PBXFileReference; lastKnownFileType = sourcecode.swift; path = QuoteHandler.swift; sourceTree = "<group>"; };
		OBJ_100 /* module.modulemap */ = {isa = PBXFileReference; lastKnownFileType = "sourcecode.module-map"; name = module.modulemap; path = "/Users/dmytropasinchuk/TestProjects/SwiftNIOTutorial/QOTD-NIO/QOTD-NIO-Starter/Server/QOTD-NIO.xcodeproj/GeneratedModuleMap/CNIODarwin/module.modulemap"; sourceTree = "<group>"; };
		OBJ_102 /* Heap.swift */ = {isa = PBXFileReference; lastKnownFileType = sourcecode.swift; path = Heap.swift; sourceTree = "<group>"; };
		OBJ_103 /* PriorityQueue.swift */ = {isa = PBXFileReference; lastKnownFileType = sourcecode.swift; path = PriorityQueue.swift; sourceTree = "<group>"; };
		OBJ_105 /* Package.swift */ = {isa = PBXFileReference; explicitFileType = sourcecode.swift; name = Package.swift; path = "/Users/dmytropasinchuk/TestProjects/SwiftNIOTutorial/QOTD-NIO/QOTD-NIO-Starter/Server/.build/checkouts/swift-nio.git-3108475404973543938/Package.swift"; sourceTree = "<group>"; };
		OBJ_11 /* QuoteServer.swift */ = {isa = PBXFileReference; lastKnownFileType = sourcecode.swift; path = QuoteServer.swift; sourceTree = "<group>"; };
		OBJ_12 /* main.swift */ = {isa = PBXFileReference; lastKnownFileType = sourcecode.swift; path = main.swift; sourceTree = "<group>"; };
		OBJ_18 /* shim.c */ = {isa = PBXFileReference; lastKnownFileType = sourcecode.c.c; path = shim.c; sourceTree = "<group>"; };
		OBJ_20 /* c_nio_linux.h */ = {isa = PBXFileReference; lastKnownFileType = sourcecode.c.h; path = c_nio_linux.h; sourceTree = "<group>"; };
		OBJ_21 /* module.modulemap */ = {isa = PBXFileReference; lastKnownFileType = "sourcecode.module-map"; name = module.modulemap; path = "/Users/dmytropasinchuk/TestProjects/SwiftNIOTutorial/QOTD-NIO/QOTD-NIO-Starter/Server/QOTD-NIO.xcodeproj/GeneratedModuleMap/CNIOLinux/module.modulemap"; sourceTree = "<group>"; };
		OBJ_25 /* atomics.swift */ = {isa = PBXFileReference; lastKnownFileType = sourcecode.swift; path = atomics.swift; sourceTree = "<group>"; };
		OBJ_26 /* lock.swift */ = {isa = PBXFileReference; lastKnownFileType = sourcecode.swift; path = lock.swift; sourceTree = "<group>"; };
		OBJ_29 /* c_nio_sha1.c */ = {isa = PBXFileReference; lastKnownFileType = sourcecode.c.c; path = c_nio_sha1.c; sourceTree = "<group>"; };
		OBJ_31 /* c_nio_sha1.h */ = {isa = PBXFileReference; lastKnownFileType = sourcecode.c.h; path = c_nio_sha1.h; sourceTree = "<group>"; };
		OBJ_32 /* module.modulemap */ = {isa = PBXFileReference; lastKnownFileType = "sourcecode.module-map"; name = module.modulemap; path = "/Users/dmytropasinchuk/TestProjects/SwiftNIOTutorial/QOTD-NIO/QOTD-NIO-Starter/Server/QOTD-NIO.xcodeproj/GeneratedModuleMap/CNIOSHA1/module.modulemap"; sourceTree = "<group>"; };
		OBJ_37 /* c-atomics.c */ = {isa = PBXFileReference; lastKnownFileType = sourcecode.c.c; path = "c-atomics.c"; sourceTree = "<group>"; };
		OBJ_39 /* c-atomics.h */ = {isa = PBXFileReference; lastKnownFileType = sourcecode.c.h; path = "c-atomics.h"; sourceTree = "<group>"; };
		OBJ_40 /* cpp_magic.h */ = {isa = PBXFileReference; lastKnownFileType = sourcecode.c.h; path = cpp_magic.h; sourceTree = "<group>"; };
		OBJ_41 /* module.modulemap */ = {isa = PBXFileReference; lastKnownFileType = "sourcecode.module-map"; name = module.modulemap; path = "/Users/dmytropasinchuk/TestProjects/SwiftNIOTutorial/QOTD-NIO/QOTD-NIO-Starter/Server/QOTD-NIO.xcodeproj/GeneratedModuleMap/CNIOAtomics/module.modulemap"; sourceTree = "<group>"; };
		OBJ_47 /* AddressedEnvelope.swift */ = {isa = PBXFileReference; lastKnownFileType = sourcecode.swift; path = AddressedEnvelope.swift; sourceTree = "<group>"; };
		OBJ_48 /* BaseSocket.swift */ = {isa = PBXFileReference; lastKnownFileType = sourcecode.swift; path = BaseSocket.swift; sourceTree = "<group>"; };
		OBJ_49 /* BaseSocketChannel.swift */ = {isa = PBXFileReference; lastKnownFileType = sourcecode.swift; path = BaseSocketChannel.swift; sourceTree = "<group>"; };
		OBJ_50 /* BlockingIOThreadPool.swift */ = {isa = PBXFileReference; lastKnownFileType = sourcecode.swift; path = BlockingIOThreadPool.swift; sourceTree = "<group>"; };
		OBJ_51 /* Bootstrap.swift */ = {isa = PBXFileReference; lastKnownFileType = sourcecode.swift; path = Bootstrap.swift; sourceTree = "<group>"; };
		OBJ_52 /* ByteBuffer-aux.swift */ = {isa = PBXFileReference; lastKnownFileType = sourcecode.swift; path = "ByteBuffer-aux.swift"; sourceTree = "<group>"; };
		OBJ_53 /* ByteBuffer-core.swift */ = {isa = PBXFileReference; lastKnownFileType = sourcecode.swift; path = "ByteBuffer-core.swift"; sourceTree = "<group>"; };
		OBJ_54 /* ByteBuffer-int.swift */ = {isa = PBXFileReference; lastKnownFileType = sourcecode.swift; path = "ByteBuffer-int.swift"; sourceTree = "<group>"; };
		OBJ_55 /* Channel.swift */ = {isa = PBXFileReference; lastKnownFileType = sourcecode.swift; path = Channel.swift; sourceTree = "<group>"; };
		OBJ_56 /* ChannelHandler.swift */ = {isa = PBXFileReference; lastKnownFileType = sourcecode.swift; path = ChannelHandler.swift; sourceTree = "<group>"; };
		OBJ_57 /* ChannelHandlers.swift */ = {isa = PBXFileReference; lastKnownFileType = sourcecode.swift; path = ChannelHandlers.swift; sourceTree = "<group>"; };
		OBJ_58 /* ChannelInvoker.swift */ = {isa = PBXFileReference; lastKnownFileType = sourcecode.swift; path = ChannelInvoker.swift; sourceTree = "<group>"; };
		OBJ_59 /* ChannelOption.swift */ = {isa = PBXFileReference; lastKnownFileType = sourcecode.swift; path = ChannelOption.swift; sourceTree = "<group>"; };
		OBJ_6 /* Package.swift */ = {isa = PBXFileReference; explicitFileType = sourcecode.swift; path = Package.swift; sourceTree = "<group>"; };
		OBJ_60 /* ChannelPipeline.swift */ = {isa = PBXFileReference; lastKnownFileType = sourcecode.swift; path = ChannelPipeline.swift; sourceTree = "<group>"; };
		OBJ_61 /* CircularBuffer.swift */ = {isa = PBXFileReference; lastKnownFileType = sourcecode.swift; path = CircularBuffer.swift; sourceTree = "<group>"; };
		OBJ_62 /* Codec.swift */ = {isa = PBXFileReference; lastKnownFileType = sourcecode.swift; path = Codec.swift; sourceTree = "<group>"; };
		OBJ_63 /* CompositeError.swift */ = {isa = PBXFileReference; lastKnownFileType = sourcecode.swift; path = CompositeError.swift; sourceTree = "<group>"; };
		OBJ_64 /* DeadChannel.swift */ = {isa = PBXFileReference; lastKnownFileType = sourcecode.swift; path = DeadChannel.swift; sourceTree = "<group>"; };
		OBJ_65 /* Embedded.swift */ = {isa = PBXFileReference; lastKnownFileType = sourcecode.swift; path = Embedded.swift; sourceTree = "<group>"; };
		OBJ_66 /* EventLoop.swift */ = {isa = PBXFileReference; lastKnownFileType = sourcecode.swift; path = EventLoop.swift; sourceTree = "<group>"; };
		OBJ_67 /* EventLoopFuture.swift */ = {isa = PBXFileReference; lastKnownFileType = sourcecode.swift; path = EventLoopFuture.swift; sourceTree = "<group>"; };
		OBJ_68 /* FileDescriptor.swift */ = {isa = PBXFileReference; lastKnownFileType = sourcecode.swift; path = FileDescriptor.swift; sourceTree = "<group>"; };
		OBJ_69 /* FileHandle.swift */ = {isa = PBXFileReference; lastKnownFileType = sourcecode.swift; path = FileHandle.swift; sourceTree = "<group>"; };
		OBJ_70 /* FileRegion.swift */ = {isa = PBXFileReference; lastKnownFileType = sourcecode.swift; path = FileRegion.swift; sourceTree = "<group>"; };
		OBJ_71 /* GetaddrinfoResolver.swift */ = {isa = PBXFileReference; lastKnownFileType = sourcecode.swift; path = GetaddrinfoResolver.swift; sourceTree = "<group>"; };
		OBJ_72 /* HappyEyeballs.swift */ = {isa = PBXFileReference; lastKnownFileType = sourcecode.swift; path = HappyEyeballs.swift; sourceTree = "<group>"; };
		OBJ_73 /* IO.swift */ = {isa = PBXFileReference; lastKnownFileType = sourcecode.swift; path = IO.swift; sourceTree = "<group>"; };
		OBJ_74 /* IOData.swift */ = {isa = PBXFileReference; lastKnownFileType = sourcecode.swift; path = IOData.swift; sourceTree = "<group>"; };
		OBJ_75 /* Interfaces.swift */ = {isa = PBXFileReference; lastKnownFileType = sourcecode.swift; path = Interfaces.swift; sourceTree = "<group>"; };
		OBJ_76 /* Linux.swift */ = {isa = PBXFileReference; lastKnownFileType = sourcecode.swift; path = Linux.swift; sourceTree = "<group>"; };
		OBJ_77 /* LinuxCPUSet.swift */ = {isa = PBXFileReference; lastKnownFileType = sourcecode.swift; path = LinuxCPUSet.swift; sourceTree = "<group>"; };
		OBJ_78 /* MarkedCircularBuffer.swift */ = {isa = PBXFileReference; lastKnownFileType = sourcecode.swift; path = MarkedCircularBuffer.swift; sourceTree = "<group>"; };
		OBJ_79 /* NIOAny.swift */ = {isa = PBXFileReference; lastKnownFileType = sourcecode.swift; path = NIOAny.swift; sourceTree = "<group>"; };
		OBJ_80 /* NonBlockingFileIO.swift */ = {isa = PBXFileReference; lastKnownFileType = sourcecode.swift; path = NonBlockingFileIO.swift; sourceTree = "<group>"; };
		OBJ_81 /* PendingDatagramWritesManager.swift */ = {isa = PBXFileReference; lastKnownFileType = sourcecode.swift; path = PendingDatagramWritesManager.swift; sourceTree = "<group>"; };
		OBJ_82 /* PendingWritesManager.swift */ = {isa = PBXFileReference; lastKnownFileType = sourcecode.swift; path = PendingWritesManager.swift; sourceTree = "<group>"; };
		OBJ_83 /* RecvByteBufferAllocator.swift */ = {isa = PBXFileReference; lastKnownFileType = sourcecode.swift; path = RecvByteBufferAllocator.swift; sourceTree = "<group>"; };
		OBJ_84 /* Resolver.swift */ = {isa = PBXFileReference; lastKnownFileType = sourcecode.swift; path = Resolver.swift; sourceTree = "<group>"; };
		OBJ_85 /* Selectable.swift */ = {isa = PBXFileReference; lastKnownFileType = sourcecode.swift; path = Selectable.swift; sourceTree = "<group>"; };
		OBJ_86 /* Selector.swift */ = {isa = PBXFileReference; lastKnownFileType = sourcecode.swift; path = Selector.swift; sourceTree = "<group>"; };
		OBJ_87 /* ServerSocket.swift */ = {isa = PBXFileReference; lastKnownFileType = sourcecode.swift; path = ServerSocket.swift; sourceTree = "<group>"; };
		OBJ_88 /* Socket.swift */ = {isa = PBXFileReference; lastKnownFileType = sourcecode.swift; path = Socket.swift; sourceTree = "<group>"; };
		OBJ_89 /* SocketAddresses.swift */ = {isa = PBXFileReference; lastKnownFileType = sourcecode.swift; path = SocketAddresses.swift; sourceTree = "<group>"; };
		OBJ_9 /* QuoteGenerator.swift */ = {isa = PBXFileReference; lastKnownFileType = sourcecode.swift; path = QuoteGenerator.swift; sourceTree = "<group>"; };
		OBJ_90 /* SocketChannel.swift */ = {isa = PBXFileReference; lastKnownFileType = sourcecode.swift; path = SocketChannel.swift; sourceTree = "<group>"; };
		OBJ_91 /* System.swift */ = {isa = PBXFileReference; lastKnownFileType = sourcecode.swift; path = System.swift; sourceTree = "<group>"; };
		OBJ_92 /* Thread.swift */ = {isa = PBXFileReference; lastKnownFileType = sourcecode.swift; path = Thread.swift; sourceTree = "<group>"; };
		OBJ_93 /* TypeAssistedChannelHandler.swift */ = {isa = PBXFileReference; lastKnownFileType = sourcecode.swift; path = TypeAssistedChannelHandler.swift; sourceTree = "<group>"; };
		OBJ_94 /* Utilities.swift */ = {isa = PBXFileReference; lastKnownFileType = sourcecode.swift; path = Utilities.swift; sourceTree = "<group>"; };
		OBJ_97 /* shim.c */ = {isa = PBXFileReference; lastKnownFileType = sourcecode.c.c; path = shim.c; sourceTree = "<group>"; };
		OBJ_99 /* c_nio_darwin.h */ = {isa = PBXFileReference; lastKnownFileType = sourcecode.c.h; path = c_nio_darwin.h; sourceTree = "<group>"; };
		"QOTD-NIO::QOTD-NIO::Product" /* QOTD-NIO */ = {isa = PBXFileReference; lastKnownFileType = text; path = "QOTD-NIO"; sourceTree = BUILT_PRODUCTS_DIR; };
		"swift-nio::CNIOAtomics::Product" /* CNIOAtomics.framework */ = {isa = PBXFileReference; explicitFileType = wrapper.framework; path = CNIOAtomics.framework; sourceTree = BUILT_PRODUCTS_DIR; };
		"swift-nio::CNIODarwin::Product" /* CNIODarwin.framework */ = {isa = PBXFileReference; explicitFileType = wrapper.framework; path = CNIODarwin.framework; sourceTree = BUILT_PRODUCTS_DIR; };
		"swift-nio::CNIOLinux::Product" /* CNIOLinux.framework */ = {isa = PBXFileReference; explicitFileType = wrapper.framework; path = CNIOLinux.framework; sourceTree = BUILT_PRODUCTS_DIR; };
		"swift-nio::CNIOSHA1::Product" /* CNIOSHA1.framework */ = {isa = PBXFileReference; explicitFileType = wrapper.framework; path = CNIOSHA1.framework; sourceTree = BUILT_PRODUCTS_DIR; };
		"swift-nio::NIO::Product" /* NIO.framework */ = {isa = PBXFileReference; explicitFileType = wrapper.framework; path = NIO.framework; sourceTree = BUILT_PRODUCTS_DIR; };
		"swift-nio::NIOConcurrencyHelpers::Product" /* NIOConcurrencyHelpers.framework */ = {isa = PBXFileReference; explicitFileType = wrapper.framework; path = NIOConcurrencyHelpers.framework; sourceTree = BUILT_PRODUCTS_DIR; };
		"swift-nio::NIOPriorityQueue::Product" /* NIOPriorityQueue.framework */ = {isa = PBXFileReference; explicitFileType = wrapper.framework; path = NIOPriorityQueue.framework; sourceTree = BUILT_PRODUCTS_DIR; };
/* End PBXFileReference section */

/* Begin PBXFrameworksBuildPhase section */
		OBJ_121 /* Frameworks */ = {
			isa = PBXFrameworksBuildPhase;
			buildActionMask = 0;
			files = (
			);
			runOnlyForDeploymentPostprocessing = 0;
		};
		OBJ_128 /* Frameworks */ = {
			isa = PBXFrameworksBuildPhase;
			buildActionMask = 0;
			files = (
			);
			runOnlyForDeploymentPostprocessing = 0;
		};
		OBJ_135 /* Frameworks */ = {
			isa = PBXFrameworksBuildPhase;
			buildActionMask = 0;
			files = (
			);
			runOnlyForDeploymentPostprocessing = 0;
		};
		OBJ_142 /* Frameworks */ = {
			isa = PBXFrameworksBuildPhase;
			buildActionMask = 0;
			files = (
			);
			runOnlyForDeploymentPostprocessing = 0;
		};
		OBJ_196 /* Frameworks */ = {
			isa = PBXFrameworksBuildPhase;
			buildActionMask = 0;
			files = (
				OBJ_197 /* CNIOSHA1.framework in Frameworks */,
				OBJ_198 /* NIOPriorityQueue.framework in Frameworks */,
				OBJ_199 /* NIOConcurrencyHelpers.framework in Frameworks */,
				OBJ_200 /* CNIOAtomics.framework in Frameworks */,
				OBJ_201 /* CNIODarwin.framework in Frameworks */,
				OBJ_202 /* CNIOLinux.framework in Frameworks */,
			);
			runOnlyForDeploymentPostprocessing = 0;
		};
		OBJ_217 /* Frameworks */ = {
			isa = PBXFrameworksBuildPhase;
			buildActionMask = 0;
			files = (
				OBJ_218 /* CNIOAtomics.framework in Frameworks */,
			);
			runOnlyForDeploymentPostprocessing = 0;
		};
		OBJ_226 /* Frameworks */ = {
			isa = PBXFrameworksBuildPhase;
			buildActionMask = 0;
			files = (
			);
			runOnlyForDeploymentPostprocessing = 0;
		};
		OBJ_236 /* Frameworks */ = {
			isa = PBXFrameworksBuildPhase;
			buildActionMask = 0;
			files = (
				OBJ_237 /* NIO.framework in Frameworks */,
				OBJ_238 /* CNIOSHA1.framework in Frameworks */,
				OBJ_239 /* NIOPriorityQueue.framework in Frameworks */,
				OBJ_240 /* NIOConcurrencyHelpers.framework in Frameworks */,
				OBJ_241 /* CNIOAtomics.framework in Frameworks */,
				OBJ_242 /* CNIODarwin.framework in Frameworks */,
				OBJ_243 /* CNIOLinux.framework in Frameworks */,
			);
			runOnlyForDeploymentPostprocessing = 0;
		};
/* End PBXFrameworksBuildPhase section */

/* Begin PBXGroup section */
		OBJ_101 /* NIOPriorityQueue */ = {
			isa = PBXGroup;
			children = (
				OBJ_102 /* Heap.swift */,
				OBJ_103 /* PriorityQueue.swift */,
			);
			name = NIOPriorityQueue;
			path = ".build/checkouts/swift-nio.git-3108475404973543938/Sources/NIOPriorityQueue";
			sourceTree = SOURCE_ROOT;
		};
		OBJ_104 /* NIOWebSocket */ = {
			isa = PBXGroup;
			children = (
			);
			name = NIOWebSocket;
			path = ".build/checkouts/swift-nio.git-3108475404973543938/Sources/NIOWebSocket";
			sourceTree = SOURCE_ROOT;
		};
		OBJ_106 /* Products */ = {
			isa = PBXGroup;
			children = (
				"swift-nio::NIOConcurrencyHelpers::Product" /* NIOConcurrencyHelpers.framework */,
				"swift-nio::CNIOLinux::Product" /* CNIOLinux.framework */,
				"swift-nio::NIO::Product" /* NIO.framework */,
				"swift-nio::CNIODarwin::Product" /* CNIODarwin.framework */,
				"swift-nio::NIOPriorityQueue::Product" /* NIOPriorityQueue.framework */,
				"swift-nio::CNIOSHA1::Product" /* CNIOSHA1.framework */,
				"swift-nio::CNIOAtomics::Product" /* CNIOAtomics.framework */,
				"QOTD-NIO::QOTD-NIO::Product" /* QOTD-NIO */,
			);
			name = Products;
			sourceTree = BUILT_PRODUCTS_DIR;
		};
		OBJ_13 /* Tests */ = {
			isa = PBXGroup;
			children = (
			);
			name = Tests;
			sourceTree = SOURCE_ROOT;
		};
		OBJ_14 /* Dependencies */ = {
			isa = PBXGroup;
			children = (
				OBJ_15 /* swift-nio 1.3.1 */,
			);
			name = Dependencies;
			sourceTree = "<group>";
		};
		OBJ_15 /* swift-nio 1.3.1 */ = {
			isa = PBXGroup;
			children = (
				OBJ_16 /* NIOEchoClient */,
				OBJ_17 /* CNIOLinux */,
				OBJ_22 /* NIOEchoServer */,
				OBJ_23 /* NIOChatServer */,
				OBJ_24 /* NIOConcurrencyHelpers */,
				OBJ_27 /* NIOChatClient */,
				OBJ_28 /* CNIOSHA1 */,
				OBJ_33 /* NIOTLS */,
				OBJ_34 /* NIOFoundationCompat */,
				OBJ_35 /* CNIOAtomics */,
				OBJ_42 /* CNIOHTTPParser */,
				OBJ_43 /* NIOHTTP1Server */,
				OBJ_44 /* NIOWebSocketServer */,
				OBJ_45 /* CNIOZlib */,
				OBJ_46 /* NIO */,
				OBJ_95 /* NIOHTTP1 */,
				OBJ_96 /* CNIODarwin */,
				OBJ_101 /* NIOPriorityQueue */,
				OBJ_104 /* NIOWebSocket */,
				OBJ_105 /* Package.swift */,
			);
			name = "swift-nio 1.3.1";
			sourceTree = SOURCE_ROOT;
		};
		OBJ_16 /* NIOEchoClient */ = {
			isa = PBXGroup;
			children = (
			);
			name = NIOEchoClient;
			path = ".build/checkouts/swift-nio.git-3108475404973543938/Sources/NIOEchoClient";
			sourceTree = SOURCE_ROOT;
		};
		OBJ_17 /* CNIOLinux */ = {
			isa = PBXGroup;
			children = (
				OBJ_18 /* shim.c */,
				OBJ_19 /* include */,
			);
			name = CNIOLinux;
			path = ".build/checkouts/swift-nio.git-3108475404973543938/Sources/CNIOLinux";
			sourceTree = SOURCE_ROOT;
		};
		OBJ_19 /* include */ = {
			isa = PBXGroup;
			children = (
				OBJ_20 /* c_nio_linux.h */,
				OBJ_21 /* module.modulemap */,
			);
			path = include;
			sourceTree = "<group>";
		};
		OBJ_22 /* NIOEchoServer */ = {
			isa = PBXGroup;
			children = (
			);
			name = NIOEchoServer;
			path = ".build/checkouts/swift-nio.git-3108475404973543938/Sources/NIOEchoServer";
			sourceTree = SOURCE_ROOT;
		};
		OBJ_23 /* NIOChatServer */ = {
			isa = PBXGroup;
			children = (
			);
			name = NIOChatServer;
			path = ".build/checkouts/swift-nio.git-3108475404973543938/Sources/NIOChatServer";
			sourceTree = SOURCE_ROOT;
		};
		OBJ_24 /* NIOConcurrencyHelpers */ = {
			isa = PBXGroup;
			children = (
				OBJ_25 /* atomics.swift */,
				OBJ_26 /* lock.swift */,
			);
			name = NIOConcurrencyHelpers;
			path = ".build/checkouts/swift-nio.git-3108475404973543938/Sources/NIOConcurrencyHelpers";
			sourceTree = SOURCE_ROOT;
		};
		OBJ_27 /* NIOChatClient */ = {
			isa = PBXGroup;
			children = (
			);
			name = NIOChatClient;
			path = ".build/checkouts/swift-nio.git-3108475404973543938/Sources/NIOChatClient";
			sourceTree = SOURCE_ROOT;
		};
		OBJ_28 /* CNIOSHA1 */ = {
			isa = PBXGroup;
			children = (
				OBJ_29 /* c_nio_sha1.c */,
				OBJ_30 /* include */,
			);
			name = CNIOSHA1;
			path = ".build/checkouts/swift-nio.git-3108475404973543938/Sources/CNIOSHA1";
			sourceTree = SOURCE_ROOT;
		};
		OBJ_30 /* include */ = {
			isa = PBXGroup;
			children = (
				OBJ_31 /* c_nio_sha1.h */,
				OBJ_32 /* module.modulemap */,
			);
			path = include;
			sourceTree = "<group>";
		};
		OBJ_33 /* NIOTLS */ = {
			isa = PBXGroup;
			children = (
			);
			name = NIOTLS;
			path = ".build/checkouts/swift-nio.git-3108475404973543938/Sources/NIOTLS";
			sourceTree = SOURCE_ROOT;
		};
		OBJ_34 /* NIOFoundationCompat */ = {
			isa = PBXGroup;
			children = (
			);
			name = NIOFoundationCompat;
			path = ".build/checkouts/swift-nio.git-3108475404973543938/Sources/NIOFoundationCompat";
			sourceTree = SOURCE_ROOT;
		};
		OBJ_35 /* CNIOAtomics */ = {
			isa = PBXGroup;
			children = (
				OBJ_36 /* src */,
				OBJ_38 /* include */,
			);
			name = CNIOAtomics;
			path = ".build/checkouts/swift-nio.git-3108475404973543938/Sources/CNIOAtomics";
			sourceTree = SOURCE_ROOT;
		};
		OBJ_36 /* src */ = {
			isa = PBXGroup;
			children = (
				OBJ_37 /* c-atomics.c */,
			);
			path = src;
			sourceTree = "<group>";
		};
		OBJ_38 /* include */ = {
			isa = PBXGroup;
			children = (
				OBJ_39 /* c-atomics.h */,
				OBJ_40 /* cpp_magic.h */,
				OBJ_41 /* module.modulemap */,
			);
			path = include;
			sourceTree = "<group>";
		};
		OBJ_42 /* CNIOHTTPParser */ = {
			isa = PBXGroup;
			children = (
			);
			name = CNIOHTTPParser;
			path = ".build/checkouts/swift-nio.git-3108475404973543938/Sources/CNIOHTTPParser";
			sourceTree = SOURCE_ROOT;
		};
		OBJ_43 /* NIOHTTP1Server */ = {
			isa = PBXGroup;
			children = (
			);
			name = NIOHTTP1Server;
			path = ".build/checkouts/swift-nio.git-3108475404973543938/Sources/NIOHTTP1Server";
			sourceTree = SOURCE_ROOT;
		};
		OBJ_44 /* NIOWebSocketServer */ = {
			isa = PBXGroup;
			children = (
			);
			name = NIOWebSocketServer;
			path = ".build/checkouts/swift-nio.git-3108475404973543938/Sources/NIOWebSocketServer";
			sourceTree = SOURCE_ROOT;
		};
		OBJ_45 /* CNIOZlib */ = {
			isa = PBXGroup;
			children = (
			);
			name = CNIOZlib;
			path = ".build/checkouts/swift-nio.git-3108475404973543938/Sources/CNIOZlib";
			sourceTree = SOURCE_ROOT;
		};
		OBJ_46 /* NIO */ = {
			isa = PBXGroup;
			children = (
				OBJ_47 /* AddressedEnvelope.swift */,
				OBJ_48 /* BaseSocket.swift */,
				OBJ_49 /* BaseSocketChannel.swift */,
				OBJ_50 /* BlockingIOThreadPool.swift */,
				OBJ_51 /* Bootstrap.swift */,
				OBJ_52 /* ByteBuffer-aux.swift */,
				OBJ_53 /* ByteBuffer-core.swift */,
				OBJ_54 /* ByteBuffer-int.swift */,
				OBJ_55 /* Channel.swift */,
				OBJ_56 /* ChannelHandler.swift */,
				OBJ_57 /* ChannelHandlers.swift */,
				OBJ_58 /* ChannelInvoker.swift */,
				OBJ_59 /* ChannelOption.swift */,
				OBJ_60 /* ChannelPipeline.swift */,
				OBJ_61 /* CircularBuffer.swift */,
				OBJ_62 /* Codec.swift */,
				OBJ_63 /* CompositeError.swift */,
				OBJ_64 /* DeadChannel.swift */,
				OBJ_65 /* Embedded.swift */,
				OBJ_66 /* EventLoop.swift */,
				OBJ_67 /* EventLoopFuture.swift */,
				OBJ_68 /* FileDescriptor.swift */,
				OBJ_69 /* FileHandle.swift */,
				OBJ_70 /* FileRegion.swift */,
				OBJ_71 /* GetaddrinfoResolver.swift */,
				OBJ_72 /* HappyEyeballs.swift */,
				OBJ_73 /* IO.swift */,
				OBJ_74 /* IOData.swift */,
				OBJ_75 /* Interfaces.swift */,
				OBJ_76 /* Linux.swift */,
				OBJ_77 /* LinuxCPUSet.swift */,
				OBJ_78 /* MarkedCircularBuffer.swift */,
				OBJ_79 /* NIOAny.swift */,
				OBJ_80 /* NonBlockingFileIO.swift */,
				OBJ_81 /* PendingDatagramWritesManager.swift */,
				OBJ_82 /* PendingWritesManager.swift */,
				OBJ_83 /* RecvByteBufferAllocator.swift */,
				OBJ_84 /* Resolver.swift */,
				OBJ_85 /* Selectable.swift */,
				OBJ_86 /* Selector.swift */,
				OBJ_87 /* ServerSocket.swift */,
				OBJ_88 /* Socket.swift */,
				OBJ_89 /* SocketAddresses.swift */,
				OBJ_90 /* SocketChannel.swift */,
				OBJ_91 /* System.swift */,
				OBJ_92 /* Thread.swift */,
				OBJ_93 /* TypeAssistedChannelHandler.swift */,
				OBJ_94 /* Utilities.swift */,
			);
			name = NIO;
			path = ".build/checkouts/swift-nio.git-3108475404973543938/Sources/NIO";
			sourceTree = SOURCE_ROOT;
		};
		OBJ_5 /*  */ = {
			isa = PBXGroup;
			children = (
				OBJ_6 /* Package.swift */,
				OBJ_7 /* Sources */,
				OBJ_13 /* Tests */,
				OBJ_14 /* Dependencies */,
				OBJ_106 /* Products */,
			);
			name = "";
			sourceTree = "<group>";
		};
		OBJ_7 /* Sources */ = {
			isa = PBXGroup;
			children = (
				OBJ_8 /* QOTD-NIO */,
			);
			name = Sources;
			sourceTree = SOURCE_ROOT;
		};
		OBJ_8 /* QOTD-NIO */ = {
			isa = PBXGroup;
			children = (
				OBJ_9 /* QuoteGenerator.swift */,
				OBJ_10 /* QuoteHandler.swift */,
				OBJ_11 /* QuoteServer.swift */,
				OBJ_12 /* main.swift */,
			);
			name = "QOTD-NIO";
			path = "Sources/QOTD-NIO";
			sourceTree = SOURCE_ROOT;
		};
		OBJ_95 /* NIOHTTP1 */ = {
			isa = PBXGroup;
			children = (
			);
			name = NIOHTTP1;
			path = ".build/checkouts/swift-nio.git-3108475404973543938/Sources/NIOHTTP1";
			sourceTree = SOURCE_ROOT;
		};
		OBJ_96 /* CNIODarwin */ = {
			isa = PBXGroup;
			children = (
				OBJ_97 /* shim.c */,
				OBJ_98 /* include */,
			);
			name = CNIODarwin;
			path = ".build/checkouts/swift-nio.git-3108475404973543938/Sources/CNIODarwin";
			sourceTree = SOURCE_ROOT;
		};
		OBJ_98 /* include */ = {
			isa = PBXGroup;
			children = (
				OBJ_99 /* c_nio_darwin.h */,
				OBJ_100 /* module.modulemap */,
			);
			path = include;
			sourceTree = "<group>";
		};
/* End PBXGroup section */

/* Begin PBXNativeTarget section */
		"QOTD-NIO::QOTD-NIO" /* QOTD-NIO */ = {
			isa = PBXNativeTarget;
			buildConfigurationList = OBJ_228 /* Build configuration list for PBXNativeTarget "QOTD-NIO" */;
			buildPhases = (
				OBJ_231 /* Sources */,
				OBJ_236 /* Frameworks */,
			);
			buildRules = (
			);
			dependencies = (
				OBJ_244 /* PBXTargetDependency */,
				OBJ_245 /* PBXTargetDependency */,
				OBJ_246 /* PBXTargetDependency */,
				OBJ_247 /* PBXTargetDependency */,
				OBJ_248 /* PBXTargetDependency */,
				OBJ_249 /* PBXTargetDependency */,
				OBJ_250 /* PBXTargetDependency */,
			);
			name = "QOTD-NIO";
			productName = QOTD_NIO;
			productReference = "QOTD-NIO::QOTD-NIO::Product" /* QOTD-NIO */;
			productType = "com.apple.product-type.tool";
		};
		"QOTD-NIO::SwiftPMPackageDescription" /* QOTD-NIOPackageDescription */ = {
			isa = PBXNativeTarget;
			buildConfigurationList = OBJ_252 /* Build configuration list for PBXNativeTarget "QOTD-NIOPackageDescription" */;
			buildPhases = (
				OBJ_255 /* Sources */,
			);
			buildRules = (
			);
			dependencies = (
			);
			name = "QOTD-NIOPackageDescription";
			productName = "QOTD-NIOPackageDescription";
			productType = "com.apple.product-type.framework";
		};
		"swift-nio::CNIOAtomics" /* CNIOAtomics */ = {
			isa = PBXNativeTarget;
			buildConfigurationList = OBJ_116 /* Build configuration list for PBXNativeTarget "CNIOAtomics" */;
			buildPhases = (
				OBJ_119 /* Sources */,
				OBJ_121 /* Frameworks */,
			);
			buildRules = (
			);
			dependencies = (
			);
			name = CNIOAtomics;
			productName = CNIOAtomics;
			productReference = "swift-nio::CNIOAtomics::Product" /* CNIOAtomics.framework */;
			productType = "com.apple.product-type.framework";
		};
		"swift-nio::CNIODarwin" /* CNIODarwin */ = {
			isa = PBXNativeTarget;
			buildConfigurationList = OBJ_123 /* Build configuration list for PBXNativeTarget "CNIODarwin" */;
			buildPhases = (
				OBJ_126 /* Sources */,
				OBJ_128 /* Frameworks */,
			);
			buildRules = (
			);
			dependencies = (
			);
			name = CNIODarwin;
			productName = CNIODarwin;
			productReference = "swift-nio::CNIODarwin::Product" /* CNIODarwin.framework */;
			productType = "com.apple.product-type.framework";
		};
		"swift-nio::CNIOLinux" /* CNIOLinux */ = {
			isa = PBXNativeTarget;
			buildConfigurationList = OBJ_130 /* Build configuration list for PBXNativeTarget "CNIOLinux" */;
			buildPhases = (
				OBJ_133 /* Sources */,
				OBJ_135 /* Frameworks */,
			);
			buildRules = (
			);
			dependencies = (
			);
			name = CNIOLinux;
			productName = CNIOLinux;
			productReference = "swift-nio::CNIOLinux::Product" /* CNIOLinux.framework */;
			productType = "com.apple.product-type.framework";
		};
		"swift-nio::CNIOSHA1" /* CNIOSHA1 */ = {
			isa = PBXNativeTarget;
			buildConfigurationList = OBJ_137 /* Build configuration list for PBXNativeTarget "CNIOSHA1" */;
			buildPhases = (
				OBJ_140 /* Sources */,
				OBJ_142 /* Frameworks */,
			);
			buildRules = (
			);
			dependencies = (
			);
			name = CNIOSHA1;
			productName = CNIOSHA1;
			productReference = "swift-nio::CNIOSHA1::Product" /* CNIOSHA1.framework */;
			productType = "com.apple.product-type.framework";
		};
		"swift-nio::NIO" /* NIO */ = {
			isa = PBXNativeTarget;
			buildConfigurationList = OBJ_144 /* Build configuration list for PBXNativeTarget "NIO" */;
			buildPhases = (
				OBJ_147 /* Sources */,
				OBJ_196 /* Frameworks */,
			);
			buildRules = (
			);
			dependencies = (
				OBJ_203 /* PBXTargetDependency */,
				OBJ_204 /* PBXTargetDependency */,
				OBJ_206 /* PBXTargetDependency */,
				OBJ_208 /* PBXTargetDependency */,
				OBJ_209 /* PBXTargetDependency */,
				OBJ_210 /* PBXTargetDependency */,
			);
			name = NIO;
			productName = NIO;
			productReference = "swift-nio::NIO::Product" /* NIO.framework */;
			productType = "com.apple.product-type.framework";
		};
		"swift-nio::NIOConcurrencyHelpers" /* NIOConcurrencyHelpers */ = {
			isa = PBXNativeTarget;
			buildConfigurationList = OBJ_211 /* Build configuration list for PBXNativeTarget "NIOConcurrencyHelpers" */;
			buildPhases = (
				OBJ_214 /* Sources */,
				OBJ_217 /* Frameworks */,
			);
			buildRules = (
			);
			dependencies = (
				OBJ_219 /* PBXTargetDependency */,
			);
			name = NIOConcurrencyHelpers;
			productName = NIOConcurrencyHelpers;
			productReference = "swift-nio::NIOConcurrencyHelpers::Product" /* NIOConcurrencyHelpers.framework */;
			productType = "com.apple.product-type.framework";
		};
		"swift-nio::NIOPriorityQueue" /* NIOPriorityQueue */ = {
			isa = PBXNativeTarget;
			buildConfigurationList = OBJ_220 /* Build configuration list for PBXNativeTarget "NIOPriorityQueue" */;
			buildPhases = (
				OBJ_223 /* Sources */,
				OBJ_226 /* Frameworks */,
			);
			buildRules = (
			);
			dependencies = (
			);
			name = NIOPriorityQueue;
			productName = NIOPriorityQueue;
			productReference = "swift-nio::NIOPriorityQueue::Product" /* NIOPriorityQueue.framework */;
			productType = "com.apple.product-type.framework";
		};
		"swift-nio::SwiftPMPackageDescription" /* swift-nioPackageDescription */ = {
			isa = PBXNativeTarget;
			buildConfigurationList = OBJ_258 /* Build configuration list for PBXNativeTarget "swift-nioPackageDescription" */;
			buildPhases = (
				OBJ_261 /* Sources */,
			);
			buildRules = (
			);
			dependencies = (
			);
			name = "swift-nioPackageDescription";
			productName = "swift-nioPackageDescription";
			productType = "com.apple.product-type.framework";
		};
/* End PBXNativeTarget section */

/* Begin PBXProject section */
		OBJ_1 /* Project object */ = {
			isa = PBXProject;
			attributes = {
				LastUpgradeCheck = 9999;
			};
			buildConfigurationList = OBJ_2 /* Build configuration list for PBXProject "QOTD-NIO" */;
			compatibilityVersion = "Xcode 3.2";
			developmentRegion = English;
			hasScannedForEncodings = 0;
			knownRegions = (
				en,
			);
			mainGroup = OBJ_5 /*  */;
			productRefGroup = OBJ_106 /* Products */;
			projectDirPath = "";
			projectRoot = "";
			targets = (
				"swift-nio::CNIOAtomics" /* CNIOAtomics */,
				"swift-nio::CNIODarwin" /* CNIODarwin */,
				"swift-nio::CNIOLinux" /* CNIOLinux */,
				"swift-nio::CNIOSHA1" /* CNIOSHA1 */,
				"swift-nio::NIO" /* NIO */,
				"swift-nio::NIOConcurrencyHelpers" /* NIOConcurrencyHelpers */,
				"swift-nio::NIOPriorityQueue" /* NIOPriorityQueue */,
				"QOTD-NIO::QOTD-NIO" /* QOTD-NIO */,
				"QOTD-NIO::SwiftPMPackageDescription" /* QOTD-NIOPackageDescription */,
				"swift-nio::SwiftPMPackageDescription" /* swift-nioPackageDescription */,
			);
		};
/* End PBXProject section */

/* Begin PBXSourcesBuildPhase section */
		OBJ_119 /* Sources */ = {
			isa = PBXSourcesBuildPhase;
			buildActionMask = 0;
			files = (
				OBJ_120 /* c-atomics.c in Sources */,
			);
			runOnlyForDeploymentPostprocessing = 0;
		};
		OBJ_126 /* Sources */ = {
			isa = PBXSourcesBuildPhase;
			buildActionMask = 0;
			files = (
				OBJ_127 /* shim.c in Sources */,
			);
			runOnlyForDeploymentPostprocessing = 0;
		};
		OBJ_133 /* Sources */ = {
			isa = PBXSourcesBuildPhase;
			buildActionMask = 0;
			files = (
				OBJ_134 /* shim.c in Sources */,
			);
			runOnlyForDeploymentPostprocessing = 0;
		};
		OBJ_140 /* Sources */ = {
			isa = PBXSourcesBuildPhase;
			buildActionMask = 0;
			files = (
				OBJ_141 /* c_nio_sha1.c in Sources */,
			);
			runOnlyForDeploymentPostprocessing = 0;
		};
		OBJ_147 /* Sources */ = {
			isa = PBXSourcesBuildPhase;
			buildActionMask = 0;
			files = (
				OBJ_148 /* AddressedEnvelope.swift in Sources */,
				OBJ_149 /* BaseSocket.swift in Sources */,
				OBJ_150 /* BaseSocketChannel.swift in Sources */,
				OBJ_151 /* BlockingIOThreadPool.swift in Sources */,
				OBJ_152 /* Bootstrap.swift in Sources */,
				OBJ_153 /* ByteBuffer-aux.swift in Sources */,
				OBJ_154 /* ByteBuffer-core.swift in Sources */,
				OBJ_155 /* ByteBuffer-int.swift in Sources */,
				OBJ_156 /* Channel.swift in Sources */,
				OBJ_157 /* ChannelHandler.swift in Sources */,
				OBJ_158 /* ChannelHandlers.swift in Sources */,
				OBJ_159 /* ChannelInvoker.swift in Sources */,
				OBJ_160 /* ChannelOption.swift in Sources */,
				OBJ_161 /* ChannelPipeline.swift in Sources */,
				OBJ_162 /* CircularBuffer.swift in Sources */,
				OBJ_163 /* Codec.swift in Sources */,
				OBJ_164 /* CompositeError.swift in Sources */,
				OBJ_165 /* DeadChannel.swift in Sources */,
				OBJ_166 /* Embedded.swift in Sources */,
				OBJ_167 /* EventLoop.swift in Sources */,
				OBJ_168 /* EventLoopFuture.swift in Sources */,
				OBJ_169 /* FileDescriptor.swift in Sources */,
				OBJ_170 /* FileHandle.swift in Sources */,
				OBJ_171 /* FileRegion.swift in Sources */,
				OBJ_172 /* GetaddrinfoResolver.swift in Sources */,
				OBJ_173 /* HappyEyeballs.swift in Sources */,
				OBJ_174 /* IO.swift in Sources */,
				OBJ_175 /* IOData.swift in Sources */,
				OBJ_176 /* Interfaces.swift in Sources */,
				OBJ_177 /* Linux.swift in Sources */,
				OBJ_178 /* LinuxCPUSet.swift in Sources */,
				OBJ_179 /* MarkedCircularBuffer.swift in Sources */,
				OBJ_180 /* NIOAny.swift in Sources */,
				OBJ_181 /* NonBlockingFileIO.swift in Sources */,
				OBJ_182 /* PendingDatagramWritesManager.swift in Sources */,
				OBJ_183 /* PendingWritesManager.swift in Sources */,
				OBJ_184 /* RecvByteBufferAllocator.swift in Sources */,
				OBJ_185 /* Resolver.swift in Sources */,
				OBJ_186 /* Selectable.swift in Sources */,
				OBJ_187 /* Selector.swift in Sources */,
				OBJ_188 /* ServerSocket.swift in Sources */,
				OBJ_189 /* Socket.swift in Sources */,
				OBJ_190 /* SocketAddresses.swift in Sources */,
				OBJ_191 /* SocketChannel.swift in Sources */,
				OBJ_192 /* System.swift in Sources */,
				OBJ_193 /* Thread.swift in Sources */,
				OBJ_194 /* TypeAssistedChannelHandler.swift in Sources */,
				OBJ_195 /* Utilities.swift in Sources */,
			);
			runOnlyForDeploymentPostprocessing = 0;
		};
		OBJ_214 /* Sources */ = {
			isa = PBXSourcesBuildPhase;
			buildActionMask = 0;
			files = (
				OBJ_215 /* atomics.swift in Sources */,
				OBJ_216 /* lock.swift in Sources */,
			);
			runOnlyForDeploymentPostprocessing = 0;
		};
		OBJ_223 /* Sources */ = {
			isa = PBXSourcesBuildPhase;
			buildActionMask = 0;
			files = (
				OBJ_224 /* Heap.swift in Sources */,
				OBJ_225 /* PriorityQueue.swift in Sources */,
			);
			runOnlyForDeploymentPostprocessing = 0;
		};
		OBJ_231 /* Sources */ = {
			isa = PBXSourcesBuildPhase;
			buildActionMask = 0;
			files = (
				OBJ_232 /* QuoteGenerator.swift in Sources */,
				OBJ_233 /* QuoteHandler.swift in Sources */,
				OBJ_234 /* QuoteServer.swift in Sources */,
				OBJ_235 /* main.swift in Sources */,
			);
			runOnlyForDeploymentPostprocessing = 0;
		};
		OBJ_255 /* Sources */ = {
			isa = PBXSourcesBuildPhase;
			buildActionMask = 0;
			files = (
				OBJ_256 /* Package.swift in Sources */,
			);
			runOnlyForDeploymentPostprocessing = 0;
		};
		OBJ_261 /* Sources */ = {
			isa = PBXSourcesBuildPhase;
			buildActionMask = 0;
			files = (
				OBJ_262 /* Package.swift in Sources */,
			);
			runOnlyForDeploymentPostprocessing = 0;
		};
/* End PBXSourcesBuildPhase section */

/* Begin PBXTargetDependency section */
		OBJ_203 /* PBXTargetDependency */ = {
			isa = PBXTargetDependency;
			target = "swift-nio::CNIOSHA1" /* CNIOSHA1 */;
			targetProxy = 590E099D207D320C00CC848A /* PBXContainerItemProxy */;
		};
		OBJ_204 /* PBXTargetDependency */ = {
			isa = PBXTargetDependency;
			target = "swift-nio::NIOPriorityQueue" /* NIOPriorityQueue */;
			targetProxy = 590E099E207D320C00CC848A /* PBXContainerItemProxy */;
		};
		OBJ_206 /* PBXTargetDependency */ = {
			isa = PBXTargetDependency;
			target = "swift-nio::NIOConcurrencyHelpers" /* NIOConcurrencyHelpers */;
			targetProxy = 590E099F207D320C00CC848A /* PBXContainerItemProxy */;
		};
		OBJ_208 /* PBXTargetDependency */ = {
			isa = PBXTargetDependency;
			target = "swift-nio::CNIOAtomics" /* CNIOAtomics */;
			targetProxy = 590E09A0207D320C00CC848A /* PBXContainerItemProxy */;
		};
		OBJ_209 /* PBXTargetDependency */ = {
			isa = PBXTargetDependency;
			target = "swift-nio::CNIODarwin" /* CNIODarwin */;
			targetProxy = 590E09A1207D320C00CC848A /* PBXContainerItemProxy */;
		};
		OBJ_210 /* PBXTargetDependency */ = {
			isa = PBXTargetDependency;
			target = "swift-nio::CNIOLinux" /* CNIOLinux */;
			targetProxy = 590E09A2207D320C00CC848A /* PBXContainerItemProxy */;
		};
		OBJ_219 /* PBXTargetDependency */ = {
			isa = PBXTargetDependency;
			target = "swift-nio::CNIOAtomics" /* CNIOAtomics */;
			targetProxy = 590E099C207D320C00CC848A /* PBXContainerItemProxy */;
		};
		OBJ_244 /* PBXTargetDependency */ = {
			isa = PBXTargetDependency;
			target = "swift-nio::NIO" /* NIO */;
			targetProxy = 590E09A3207D320C00CC848A /* PBXContainerItemProxy */;
		};
		OBJ_245 /* PBXTargetDependency */ = {
			isa = PBXTargetDependency;
			target = "swift-nio::CNIOSHA1" /* CNIOSHA1 */;
			targetProxy = 590E09A4207D320C00CC848A /* PBXContainerItemProxy */;
		};
		OBJ_246 /* PBXTargetDependency */ = {
			isa = PBXTargetDependency;
			target = "swift-nio::NIOPriorityQueue" /* NIOPriorityQueue */;
			targetProxy = 590E09A5207D320C00CC848A /* PBXContainerItemProxy */;
		};
		OBJ_247 /* PBXTargetDependency */ = {
			isa = PBXTargetDependency;
			target = "swift-nio::NIOConcurrencyHelpers" /* NIOConcurrencyHelpers */;
			targetProxy = 590E09A6207D320C00CC848A /* PBXContainerItemProxy */;
		};
		OBJ_248 /* PBXTargetDependency */ = {
			isa = PBXTargetDependency;
			target = "swift-nio::CNIOAtomics" /* CNIOAtomics */;
			targetProxy = 590E09A7207D320C00CC848A /* PBXContainerItemProxy */;
		};
		OBJ_249 /* PBXTargetDependency */ = {
			isa = PBXTargetDependency;
			target = "swift-nio::CNIODarwin" /* CNIODarwin */;
			targetProxy = 590E09A8207D320C00CC848A /* PBXContainerItemProxy */;
		};
		OBJ_250 /* PBXTargetDependency */ = {
			isa = PBXTargetDependency;
			target = "swift-nio::CNIOLinux" /* CNIOLinux */;
			targetProxy = 590E09A9207D320C00CC848A /* PBXContainerItemProxy */;
		};
/* End PBXTargetDependency section */

/* Begin XCBuildConfiguration section */
		OBJ_117 /* Debug */ = {
			isa = XCBuildConfiguration;
			buildSettings = {
				DEFINES_MODULE = NO;
				ENABLE_TESTABILITY = YES;
				FRAMEWORK_SEARCH_PATHS = (
					"$(inherited)",
					"$(PLATFORM_DIR)/Developer/Library/Frameworks",
				);
				HEADER_SEARCH_PATHS = (
					"$(inherited)",
					"$(SRCROOT)/.build/checkouts/swift-nio.git-3108475404973543938/Sources/CNIOAtomics/include",
					"$(SRCROOT)/.build/checkouts/swift-nio-zlib-support.git--1071467962839356487",
				);
				INFOPLIST_FILE = "QOTD-NIO.xcodeproj/CNIOAtomics_Info.plist";
				LD_RUNPATH_SEARCH_PATHS = "$(inherited) $(TOOLCHAIN_DIR)/usr/lib/swift/macosx";
				OTHER_CFLAGS = "$(inherited)";
				OTHER_LDFLAGS = "$(inherited)";
				OTHER_SWIFT_FLAGS = "$(inherited)";
				PRODUCT_BUNDLE_IDENTIFIER = CNIOAtomics;
				PRODUCT_MODULE_NAME = "$(TARGET_NAME:c99extidentifier)";
				PRODUCT_NAME = "$(TARGET_NAME:c99extidentifier)";
				SKIP_INSTALL = YES;
				TARGET_NAME = CNIOAtomics;
			};
			name = Debug;
		};
		OBJ_118 /* Release */ = {
			isa = XCBuildConfiguration;
			buildSettings = {
				DEFINES_MODULE = NO;
				ENABLE_TESTABILITY = YES;
				FRAMEWORK_SEARCH_PATHS = (
					"$(inherited)",
					"$(PLATFORM_DIR)/Developer/Library/Frameworks",
				);
				HEADER_SEARCH_PATHS = (
					"$(inherited)",
					"$(SRCROOT)/.build/checkouts/swift-nio.git-3108475404973543938/Sources/CNIOAtomics/include",
					"$(SRCROOT)/.build/checkouts/swift-nio-zlib-support.git--1071467962839356487",
				);
				INFOPLIST_FILE = "QOTD-NIO.xcodeproj/CNIOAtomics_Info.plist";
				LD_RUNPATH_SEARCH_PATHS = "$(inherited) $(TOOLCHAIN_DIR)/usr/lib/swift/macosx";
				OTHER_CFLAGS = "$(inherited)";
				OTHER_LDFLAGS = "$(inherited)";
				OTHER_SWIFT_FLAGS = "$(inherited)";
				PRODUCT_BUNDLE_IDENTIFIER = CNIOAtomics;
				PRODUCT_MODULE_NAME = "$(TARGET_NAME:c99extidentifier)";
				PRODUCT_NAME = "$(TARGET_NAME:c99extidentifier)";
				SKIP_INSTALL = YES;
				TARGET_NAME = CNIOAtomics;
			};
			name = Release;
		};
		OBJ_124 /* Debug */ = {
			isa = XCBuildConfiguration;
			buildSettings = {
				DEFINES_MODULE = NO;
				ENABLE_TESTABILITY = YES;
				FRAMEWORK_SEARCH_PATHS = (
					"$(inherited)",
					"$(PLATFORM_DIR)/Developer/Library/Frameworks",
				);
				HEADER_SEARCH_PATHS = (
					"$(inherited)",
					"$(SRCROOT)/.build/checkouts/swift-nio.git-3108475404973543938/Sources/CNIODarwin/include",
					"$(SRCROOT)/.build/checkouts/swift-nio-zlib-support.git--1071467962839356487",
				);
				INFOPLIST_FILE = "QOTD-NIO.xcodeproj/CNIODarwin_Info.plist";
				LD_RUNPATH_SEARCH_PATHS = "$(inherited) $(TOOLCHAIN_DIR)/usr/lib/swift/macosx";
				OTHER_CFLAGS = "$(inherited)";
				OTHER_LDFLAGS = "$(inherited)";
				OTHER_SWIFT_FLAGS = "$(inherited)";
				PRODUCT_BUNDLE_IDENTIFIER = CNIODarwin;
				PRODUCT_MODULE_NAME = "$(TARGET_NAME:c99extidentifier)";
				PRODUCT_NAME = "$(TARGET_NAME:c99extidentifier)";
				SKIP_INSTALL = YES;
				TARGET_NAME = CNIODarwin;
			};
			name = Debug;
		};
		OBJ_125 /* Release */ = {
			isa = XCBuildConfiguration;
			buildSettings = {
				DEFINES_MODULE = NO;
				ENABLE_TESTABILITY = YES;
				FRAMEWORK_SEARCH_PATHS = (
					"$(inherited)",
					"$(PLATFORM_DIR)/Developer/Library/Frameworks",
				);
				HEADER_SEARCH_PATHS = (
					"$(inherited)",
					"$(SRCROOT)/.build/checkouts/swift-nio.git-3108475404973543938/Sources/CNIODarwin/include",
					"$(SRCROOT)/.build/checkouts/swift-nio-zlib-support.git--1071467962839356487",
				);
				INFOPLIST_FILE = "QOTD-NIO.xcodeproj/CNIODarwin_Info.plist";
				LD_RUNPATH_SEARCH_PATHS = "$(inherited) $(TOOLCHAIN_DIR)/usr/lib/swift/macosx";
				OTHER_CFLAGS = "$(inherited)";
				OTHER_LDFLAGS = "$(inherited)";
				OTHER_SWIFT_FLAGS = "$(inherited)";
				PRODUCT_BUNDLE_IDENTIFIER = CNIODarwin;
				PRODUCT_MODULE_NAME = "$(TARGET_NAME:c99extidentifier)";
				PRODUCT_NAME = "$(TARGET_NAME:c99extidentifier)";
				SKIP_INSTALL = YES;
				TARGET_NAME = CNIODarwin;
			};
			name = Release;
		};
		OBJ_131 /* Debug */ = {
			isa = XCBuildConfiguration;
			buildSettings = {
				DEFINES_MODULE = NO;
				ENABLE_TESTABILITY = YES;
				FRAMEWORK_SEARCH_PATHS = (
					"$(inherited)",
					"$(PLATFORM_DIR)/Developer/Library/Frameworks",
				);
				HEADER_SEARCH_PATHS = (
					"$(inherited)",
					"$(SRCROOT)/.build/checkouts/swift-nio.git-3108475404973543938/Sources/CNIOLinux/include",
					"$(SRCROOT)/.build/checkouts/swift-nio-zlib-support.git--1071467962839356487",
				);
				INFOPLIST_FILE = "QOTD-NIO.xcodeproj/CNIOLinux_Info.plist";
				LD_RUNPATH_SEARCH_PATHS = "$(inherited) $(TOOLCHAIN_DIR)/usr/lib/swift/macosx";
				OTHER_CFLAGS = "$(inherited)";
				OTHER_LDFLAGS = "$(inherited)";
				OTHER_SWIFT_FLAGS = "$(inherited)";
				PRODUCT_BUNDLE_IDENTIFIER = CNIOLinux;
				PRODUCT_MODULE_NAME = "$(TARGET_NAME:c99extidentifier)";
				PRODUCT_NAME = "$(TARGET_NAME:c99extidentifier)";
				SKIP_INSTALL = YES;
				TARGET_NAME = CNIOLinux;
			};
			name = Debug;
		};
		OBJ_132 /* Release */ = {
			isa = XCBuildConfiguration;
			buildSettings = {
				DEFINES_MODULE = NO;
				ENABLE_TESTABILITY = YES;
				FRAMEWORK_SEARCH_PATHS = (
					"$(inherited)",
					"$(PLATFORM_DIR)/Developer/Library/Frameworks",
				);
				HEADER_SEARCH_PATHS = (
					"$(inherited)",
					"$(SRCROOT)/.build/checkouts/swift-nio.git-3108475404973543938/Sources/CNIOLinux/include",
					"$(SRCROOT)/.build/checkouts/swift-nio-zlib-support.git--1071467962839356487",
				);
				INFOPLIST_FILE = "QOTD-NIO.xcodeproj/CNIOLinux_Info.plist";
				LD_RUNPATH_SEARCH_PATHS = "$(inherited) $(TOOLCHAIN_DIR)/usr/lib/swift/macosx";
				OTHER_CFLAGS = "$(inherited)";
				OTHER_LDFLAGS = "$(inherited)";
				OTHER_SWIFT_FLAGS = "$(inherited)";
				PRODUCT_BUNDLE_IDENTIFIER = CNIOLinux;
				PRODUCT_MODULE_NAME = "$(TARGET_NAME:c99extidentifier)";
				PRODUCT_NAME = "$(TARGET_NAME:c99extidentifier)";
				SKIP_INSTALL = YES;
				TARGET_NAME = CNIOLinux;
			};
			name = Release;
		};
		OBJ_138 /* Debug */ = {
			isa = XCBuildConfiguration;
			buildSettings = {
				DEFINES_MODULE = NO;
				ENABLE_TESTABILITY = YES;
				FRAMEWORK_SEARCH_PATHS = (
					"$(inherited)",
					"$(PLATFORM_DIR)/Developer/Library/Frameworks",
				);
				HEADER_SEARCH_PATHS = (
					"$(inherited)",
					"$(SRCROOT)/.build/checkouts/swift-nio.git-3108475404973543938/Sources/CNIOSHA1/include",
					"$(SRCROOT)/.build/checkouts/swift-nio-zlib-support.git--1071467962839356487",
				);
				INFOPLIST_FILE = "QOTD-NIO.xcodeproj/CNIOSHA1_Info.plist";
				LD_RUNPATH_SEARCH_PATHS = "$(inherited) $(TOOLCHAIN_DIR)/usr/lib/swift/macosx";
				OTHER_CFLAGS = "$(inherited)";
				OTHER_LDFLAGS = "$(inherited)";
				OTHER_SWIFT_FLAGS = "$(inherited)";
				PRODUCT_BUNDLE_IDENTIFIER = CNIOSHA1;
				PRODUCT_MODULE_NAME = "$(TARGET_NAME:c99extidentifier)";
				PRODUCT_NAME = "$(TARGET_NAME:c99extidentifier)";
				SKIP_INSTALL = YES;
				TARGET_NAME = CNIOSHA1;
			};
			name = Debug;
		};
		OBJ_139 /* Release */ = {
			isa = XCBuildConfiguration;
			buildSettings = {
				DEFINES_MODULE = NO;
				ENABLE_TESTABILITY = YES;
				FRAMEWORK_SEARCH_PATHS = (
					"$(inherited)",
					"$(PLATFORM_DIR)/Developer/Library/Frameworks",
				);
				HEADER_SEARCH_PATHS = (
					"$(inherited)",
					"$(SRCROOT)/.build/checkouts/swift-nio.git-3108475404973543938/Sources/CNIOSHA1/include",
					"$(SRCROOT)/.build/checkouts/swift-nio-zlib-support.git--1071467962839356487",
				);
				INFOPLIST_FILE = "QOTD-NIO.xcodeproj/CNIOSHA1_Info.plist";
				LD_RUNPATH_SEARCH_PATHS = "$(inherited) $(TOOLCHAIN_DIR)/usr/lib/swift/macosx";
				OTHER_CFLAGS = "$(inherited)";
				OTHER_LDFLAGS = "$(inherited)";
				OTHER_SWIFT_FLAGS = "$(inherited)";
				PRODUCT_BUNDLE_IDENTIFIER = CNIOSHA1;
				PRODUCT_MODULE_NAME = "$(TARGET_NAME:c99extidentifier)";
				PRODUCT_NAME = "$(TARGET_NAME:c99extidentifier)";
				SKIP_INSTALL = YES;
				TARGET_NAME = CNIOSHA1;
			};
			name = Release;
		};
		OBJ_145 /* Debug */ = {
			isa = XCBuildConfiguration;
			buildSettings = {
				ENABLE_TESTABILITY = YES;
				FRAMEWORK_SEARCH_PATHS = (
					"$(inherited)",
					"$(PLATFORM_DIR)/Developer/Library/Frameworks",
				);
				HEADER_SEARCH_PATHS = (
					"$(inherited)",
					"$(SRCROOT)/.build/checkouts/swift-nio.git-3108475404973543938/Sources/CNIOSHA1/include",
					"$(SRCROOT)/.build/checkouts/swift-nio.git-3108475404973543938/Sources/CNIOAtomics/include",
					"$(SRCROOT)/.build/checkouts/swift-nio.git-3108475404973543938/Sources/CNIODarwin/include",
					"$(SRCROOT)/.build/checkouts/swift-nio.git-3108475404973543938/Sources/CNIOLinux/include",
					"$(SRCROOT)/.build/checkouts/swift-nio-zlib-support.git--1071467962839356487",
					"$(SRCROOT)/QOTD-NIO.xcodeproj/GeneratedModuleMap/CNIOSHA1",
					"$(SRCROOT)/QOTD-NIO.xcodeproj/GeneratedModuleMap/CNIOAtomics",
					"$(SRCROOT)/QOTD-NIO.xcodeproj/GeneratedModuleMap/CNIODarwin",
					"$(SRCROOT)/QOTD-NIO.xcodeproj/GeneratedModuleMap/CNIOLinux",
				);
				INFOPLIST_FILE = "QOTD-NIO.xcodeproj/NIO_Info.plist";
				LD_RUNPATH_SEARCH_PATHS = "$(inherited) $(TOOLCHAIN_DIR)/usr/lib/swift/macosx";
				OTHER_CFLAGS = "$(inherited)";
				OTHER_LDFLAGS = "$(inherited)";
				OTHER_SWIFT_FLAGS = "$(inherited) -Xcc -fmodule-map-file=$(SRCROOT)/QOTD-NIO.xcodeproj/GeneratedModuleMap/CNIOSHA1/module.modulemap -Xcc -fmodule-map-file=$(SRCROOT)/QOTD-NIO.xcodeproj/GeneratedModuleMap/CNIOAtomics/module.modulemap -Xcc -fmodule-map-file=$(SRCROOT)/QOTD-NIO.xcodeproj/GeneratedModuleMap/CNIODarwin/module.modulemap -Xcc -fmodule-map-file=$(SRCROOT)/QOTD-NIO.xcodeproj/GeneratedModuleMap/CNIOLinux/module.modulemap";
				PRODUCT_BUNDLE_IDENTIFIER = NIO;
				PRODUCT_MODULE_NAME = "$(TARGET_NAME:c99extidentifier)";
				PRODUCT_NAME = "$(TARGET_NAME:c99extidentifier)";
				SKIP_INSTALL = YES;
				SWIFT_VERSION = 4.0;
				TARGET_NAME = NIO;
			};
			name = Debug;
		};
		OBJ_146 /* Release */ = {
			isa = XCBuildConfiguration;
			buildSettings = {
				ENABLE_TESTABILITY = YES;
				FRAMEWORK_SEARCH_PATHS = (
					"$(inherited)",
					"$(PLATFORM_DIR)/Developer/Library/Frameworks",
				);
				HEADER_SEARCH_PATHS = (
					"$(inherited)",
					"$(SRCROOT)/.build/checkouts/swift-nio.git-3108475404973543938/Sources/CNIOSHA1/include",
					"$(SRCROOT)/.build/checkouts/swift-nio.git-3108475404973543938/Sources/CNIOAtomics/include",
					"$(SRCROOT)/.build/checkouts/swift-nio.git-3108475404973543938/Sources/CNIODarwin/include",
					"$(SRCROOT)/.build/checkouts/swift-nio.git-3108475404973543938/Sources/CNIOLinux/include",
					"$(SRCROOT)/.build/checkouts/swift-nio-zlib-support.git--1071467962839356487",
					"$(SRCROOT)/QOTD-NIO.xcodeproj/GeneratedModuleMap/CNIOSHA1",
					"$(SRCROOT)/QOTD-NIO.xcodeproj/GeneratedModuleMap/CNIOAtomics",
					"$(SRCROOT)/QOTD-NIO.xcodeproj/GeneratedModuleMap/CNIODarwin",
					"$(SRCROOT)/QOTD-NIO.xcodeproj/GeneratedModuleMap/CNIOLinux",
				);
				INFOPLIST_FILE = "QOTD-NIO.xcodeproj/NIO_Info.plist";
				LD_RUNPATH_SEARCH_PATHS = "$(inherited) $(TOOLCHAIN_DIR)/usr/lib/swift/macosx";
				OTHER_CFLAGS = "$(inherited)";
				OTHER_LDFLAGS = "$(inherited)";
				OTHER_SWIFT_FLAGS = "$(inherited) -Xcc -fmodule-map-file=$(SRCROOT)/QOTD-NIO.xcodeproj/GeneratedModuleMap/CNIOSHA1/module.modulemap -Xcc -fmodule-map-file=$(SRCROOT)/QOTD-NIO.xcodeproj/GeneratedModuleMap/CNIOAtomics/module.modulemap -Xcc -fmodule-map-file=$(SRCROOT)/QOTD-NIO.xcodeproj/GeneratedModuleMap/CNIODarwin/module.modulemap -Xcc -fmodule-map-file=$(SRCROOT)/QOTD-NIO.xcodeproj/GeneratedModuleMap/CNIOLinux/module.modulemap";
				PRODUCT_BUNDLE_IDENTIFIER = NIO;
				PRODUCT_MODULE_NAME = "$(TARGET_NAME:c99extidentifier)";
				PRODUCT_NAME = "$(TARGET_NAME:c99extidentifier)";
				SKIP_INSTALL = YES;
				SWIFT_VERSION = 4.0;
				TARGET_NAME = NIO;
			};
			name = Release;
		};
		OBJ_212 /* Debug */ = {
			isa = XCBuildConfiguration;
			buildSettings = {
				ENABLE_TESTABILITY = YES;
				FRAMEWORK_SEARCH_PATHS = (
					"$(inherited)",
					"$(PLATFORM_DIR)/Developer/Library/Frameworks",
				);
				HEADER_SEARCH_PATHS = (
					"$(inherited)",
					"$(SRCROOT)/.build/checkouts/swift-nio.git-3108475404973543938/Sources/CNIOAtomics/include",
					"$(SRCROOT)/.build/checkouts/swift-nio-zlib-support.git--1071467962839356487",
					"$(SRCROOT)/QOTD-NIO.xcodeproj/GeneratedModuleMap/CNIOAtomics",
				);
				INFOPLIST_FILE = "QOTD-NIO.xcodeproj/NIOConcurrencyHelpers_Info.plist";
				LD_RUNPATH_SEARCH_PATHS = "$(inherited) $(TOOLCHAIN_DIR)/usr/lib/swift/macosx";
				OTHER_CFLAGS = "$(inherited)";
				OTHER_LDFLAGS = "$(inherited)";
				OTHER_SWIFT_FLAGS = "$(inherited) -Xcc -fmodule-map-file=$(SRCROOT)/QOTD-NIO.xcodeproj/GeneratedModuleMap/CNIOAtomics/module.modulemap";
				PRODUCT_BUNDLE_IDENTIFIER = NIOConcurrencyHelpers;
				PRODUCT_MODULE_NAME = "$(TARGET_NAME:c99extidentifier)";
				PRODUCT_NAME = "$(TARGET_NAME:c99extidentifier)";
				SKIP_INSTALL = YES;
				SWIFT_VERSION = 4.0;
				TARGET_NAME = NIOConcurrencyHelpers;
			};
			name = Debug;
		};
		OBJ_213 /* Release */ = {
			isa = XCBuildConfiguration;
			buildSettings = {
				ENABLE_TESTABILITY = YES;
				FRAMEWORK_SEARCH_PATHS = (
					"$(inherited)",
					"$(PLATFORM_DIR)/Developer/Library/Frameworks",
				);
				HEADER_SEARCH_PATHS = (
					"$(inherited)",
					"$(SRCROOT)/.build/checkouts/swift-nio.git-3108475404973543938/Sources/CNIOAtomics/include",
					"$(SRCROOT)/.build/checkouts/swift-nio-zlib-support.git--1071467962839356487",
					"$(SRCROOT)/QOTD-NIO.xcodeproj/GeneratedModuleMap/CNIOAtomics",
				);
				INFOPLIST_FILE = "QOTD-NIO.xcodeproj/NIOConcurrencyHelpers_Info.plist";
				LD_RUNPATH_SEARCH_PATHS = "$(inherited) $(TOOLCHAIN_DIR)/usr/lib/swift/macosx";
				OTHER_CFLAGS = "$(inherited)";
				OTHER_LDFLAGS = "$(inherited)";
				OTHER_SWIFT_FLAGS = "$(inherited) -Xcc -fmodule-map-file=$(SRCROOT)/QOTD-NIO.xcodeproj/GeneratedModuleMap/CNIOAtomics/module.modulemap";
				PRODUCT_BUNDLE_IDENTIFIER = NIOConcurrencyHelpers;
				PRODUCT_MODULE_NAME = "$(TARGET_NAME:c99extidentifier)";
				PRODUCT_NAME = "$(TARGET_NAME:c99extidentifier)";
				SKIP_INSTALL = YES;
				SWIFT_VERSION = 4.0;
				TARGET_NAME = NIOConcurrencyHelpers;
			};
			name = Release;
		};
		OBJ_221 /* Debug */ = {
			isa = XCBuildConfiguration;
			buildSettings = {
				ENABLE_TESTABILITY = YES;
				FRAMEWORK_SEARCH_PATHS = (
					"$(inherited)",
					"$(PLATFORM_DIR)/Developer/Library/Frameworks",
				);
				HEADER_SEARCH_PATHS = (
					"$(inherited)",
					"$(SRCROOT)/.build/checkouts/swift-nio-zlib-support.git--1071467962839356487",
				);
				INFOPLIST_FILE = "QOTD-NIO.xcodeproj/NIOPriorityQueue_Info.plist";
				LD_RUNPATH_SEARCH_PATHS = "$(inherited) $(TOOLCHAIN_DIR)/usr/lib/swift/macosx";
				OTHER_CFLAGS = "$(inherited)";
				OTHER_LDFLAGS = "$(inherited)";
				OTHER_SWIFT_FLAGS = "$(inherited)";
				PRODUCT_BUNDLE_IDENTIFIER = NIOPriorityQueue;
				PRODUCT_MODULE_NAME = "$(TARGET_NAME:c99extidentifier)";
				PRODUCT_NAME = "$(TARGET_NAME:c99extidentifier)";
				SKIP_INSTALL = YES;
				SWIFT_VERSION = 4.0;
				TARGET_NAME = NIOPriorityQueue;
			};
			name = Debug;
		};
		OBJ_222 /* Release */ = {
			isa = XCBuildConfiguration;
			buildSettings = {
				ENABLE_TESTABILITY = YES;
				FRAMEWORK_SEARCH_PATHS = (
					"$(inherited)",
					"$(PLATFORM_DIR)/Developer/Library/Frameworks",
				);
				HEADER_SEARCH_PATHS = (
					"$(inherited)",
					"$(SRCROOT)/.build/checkouts/swift-nio-zlib-support.git--1071467962839356487",
				);
				INFOPLIST_FILE = "QOTD-NIO.xcodeproj/NIOPriorityQueue_Info.plist";
				LD_RUNPATH_SEARCH_PATHS = "$(inherited) $(TOOLCHAIN_DIR)/usr/lib/swift/macosx";
				OTHER_CFLAGS = "$(inherited)";
				OTHER_LDFLAGS = "$(inherited)";
				OTHER_SWIFT_FLAGS = "$(inherited)";
				PRODUCT_BUNDLE_IDENTIFIER = NIOPriorityQueue;
				PRODUCT_MODULE_NAME = "$(TARGET_NAME:c99extidentifier)";
				PRODUCT_NAME = "$(TARGET_NAME:c99extidentifier)";
				SKIP_INSTALL = YES;
				SWIFT_VERSION = 4.0;
				TARGET_NAME = NIOPriorityQueue;
			};
			name = Release;
		};
		OBJ_229 /* Debug */ = {
			isa = XCBuildConfiguration;
			buildSettings = {
				FRAMEWORK_SEARCH_PATHS = (
					"$(inherited)",
					"$(PLATFORM_DIR)/Developer/Library/Frameworks",
				);
				HEADER_SEARCH_PATHS = (
					"$(inherited)",
					"$(SRCROOT)/.build/checkouts/swift-nio.git-3108475404973543938/Sources/CNIOSHA1/include",
					"$(SRCROOT)/.build/checkouts/swift-nio.git-3108475404973543938/Sources/CNIOAtomics/include",
					"$(SRCROOT)/.build/checkouts/swift-nio.git-3108475404973543938/Sources/CNIODarwin/include",
					"$(SRCROOT)/.build/checkouts/swift-nio.git-3108475404973543938/Sources/CNIOLinux/include",
					"$(SRCROOT)/.build/checkouts/swift-nio-zlib-support.git--1071467962839356487",
					"$(SRCROOT)/QOTD-NIO.xcodeproj/GeneratedModuleMap/CNIOSHA1",
					"$(SRCROOT)/QOTD-NIO.xcodeproj/GeneratedModuleMap/CNIOAtomics",
					"$(SRCROOT)/QOTD-NIO.xcodeproj/GeneratedModuleMap/CNIODarwin",
					"$(SRCROOT)/QOTD-NIO.xcodeproj/GeneratedModuleMap/CNIOLinux",
				);
				INFOPLIST_FILE = "QOTD-NIO.xcodeproj/QOTD_NIO_Info.plist";
				LD_RUNPATH_SEARCH_PATHS = "$(inherited) $(TOOLCHAIN_DIR)/usr/lib/swift/macosx @executable_path";
				OTHER_CFLAGS = "$(inherited)";
				OTHER_LDFLAGS = "$(inherited)";
				OTHER_SWIFT_FLAGS = "$(inherited) -Xcc -fmodule-map-file=$(SRCROOT)/QOTD-NIO.xcodeproj/GeneratedModuleMap/CNIOSHA1/module.modulemap -Xcc -fmodule-map-file=$(SRCROOT)/QOTD-NIO.xcodeproj/GeneratedModuleMap/CNIOAtomics/module.modulemap -Xcc -fmodule-map-file=$(SRCROOT)/QOTD-NIO.xcodeproj/GeneratedModuleMap/CNIODarwin/module.modulemap -Xcc -fmodule-map-file=$(SRCROOT)/QOTD-NIO.xcodeproj/GeneratedModuleMap/CNIOLinux/module.modulemap";
				SWIFT_FORCE_DYNAMIC_LINK_STDLIB = YES;
				SWIFT_FORCE_STATIC_LINK_STDLIB = NO;
				SWIFT_VERSION = 4.0;
				TARGET_NAME = "QOTD-NIO";
			};
			name = Debug;
		};
		OBJ_230 /* Release */ = {
			isa = XCBuildConfiguration;
			buildSettings = {
				FRAMEWORK_SEARCH_PATHS = (
					"$(inherited)",
					"$(PLATFORM_DIR)/Developer/Library/Frameworks",
				);
				HEADER_SEARCH_PATHS = (
					"$(inherited)",
					"$(SRCROOT)/.build/checkouts/swift-nio.git-3108475404973543938/Sources/CNIOSHA1/include",
					"$(SRCROOT)/.build/checkouts/swift-nio.git-3108475404973543938/Sources/CNIOAtomics/include",
					"$(SRCROOT)/.build/checkouts/swift-nio.git-3108475404973543938/Sources/CNIODarwin/include",
					"$(SRCROOT)/.build/checkouts/swift-nio.git-3108475404973543938/Sources/CNIOLinux/include",
					"$(SRCROOT)/.build/checkouts/swift-nio-zlib-support.git--1071467962839356487",
					"$(SRCROOT)/QOTD-NIO.xcodeproj/GeneratedModuleMap/CNIOSHA1",
					"$(SRCROOT)/QOTD-NIO.xcodeproj/GeneratedModuleMap/CNIOAtomics",
					"$(SRCROOT)/QOTD-NIO.xcodeproj/GeneratedModuleMap/CNIODarwin",
					"$(SRCROOT)/QOTD-NIO.xcodeproj/GeneratedModuleMap/CNIOLinux",
				);
				INFOPLIST_FILE = "QOTD-NIO.xcodeproj/QOTD_NIO_Info.plist";
				LD_RUNPATH_SEARCH_PATHS = "$(inherited) $(TOOLCHAIN_DIR)/usr/lib/swift/macosx @executable_path";
				OTHER_CFLAGS = "$(inherited)";
				OTHER_LDFLAGS = "$(inherited)";
				OTHER_SWIFT_FLAGS = "$(inherited) -Xcc -fmodule-map-file=$(SRCROOT)/QOTD-NIO.xcodeproj/GeneratedModuleMap/CNIOSHA1/module.modulemap -Xcc -fmodule-map-file=$(SRCROOT)/QOTD-NIO.xcodeproj/GeneratedModuleMap/CNIOAtomics/module.modulemap -Xcc -fmodule-map-file=$(SRCROOT)/QOTD-NIO.xcodeproj/GeneratedModuleMap/CNIODarwin/module.modulemap -Xcc -fmodule-map-file=$(SRCROOT)/QOTD-NIO.xcodeproj/GeneratedModuleMap/CNIOLinux/module.modulemap";
				SWIFT_FORCE_DYNAMIC_LINK_STDLIB = YES;
				SWIFT_FORCE_STATIC_LINK_STDLIB = NO;
				SWIFT_VERSION = 4.0;
				TARGET_NAME = "QOTD-NIO";
			};
			name = Release;
		};
		OBJ_253 /* Debug */ = {
			isa = XCBuildConfiguration;
			buildSettings = {
				LD = /usr/bin/true;
				OTHER_SWIFT_FLAGS = "-swift-version 4 -I $(TOOLCHAIN_DIR)/usr/lib/swift/pm/4 -target x86_64-apple-macosx10.10 -sdk /Applications/Xcode.app/Contents/Developer/Platforms/MacOSX.platform/Developer/SDKs/MacOSX10.13.sdk";
				SWIFT_VERSION = 4.0;
			};
			name = Debug;
		};
		OBJ_254 /* Release */ = {
			isa = XCBuildConfiguration;
			buildSettings = {
				LD = /usr/bin/true;
				OTHER_SWIFT_FLAGS = "-swift-version 4 -I $(TOOLCHAIN_DIR)/usr/lib/swift/pm/4 -target x86_64-apple-macosx10.10 -sdk /Applications/Xcode.app/Contents/Developer/Platforms/MacOSX.platform/Developer/SDKs/MacOSX10.13.sdk";
				SWIFT_VERSION = 4.0;
			};
			name = Release;
		};
		OBJ_259 /* Debug */ = {
			isa = XCBuildConfiguration;
			buildSettings = {
				LD = /usr/bin/true;
				OTHER_SWIFT_FLAGS = "-swift-version 4 -I $(TOOLCHAIN_DIR)/usr/lib/swift/pm/4 -target x86_64-apple-macosx10.10 -sdk /Applications/Xcode.app/Contents/Developer/Platforms/MacOSX.platform/Developer/SDKs/MacOSX10.13.sdk";
				SWIFT_VERSION = 4.0;
			};
			name = Debug;
		};
		OBJ_260 /* Release */ = {
			isa = XCBuildConfiguration;
			buildSettings = {
				LD = /usr/bin/true;
				OTHER_SWIFT_FLAGS = "-swift-version 4 -I $(TOOLCHAIN_DIR)/usr/lib/swift/pm/4 -target x86_64-apple-macosx10.10 -sdk /Applications/Xcode.app/Contents/Developer/Platforms/MacOSX.platform/Developer/SDKs/MacOSX10.13.sdk";
				SWIFT_VERSION = 4.0;
			};
			name = Release;
		};
		OBJ_3 /* Debug */ = {
			isa = XCBuildConfiguration;
			buildSettings = {
				CLANG_ENABLE_OBJC_ARC = YES;
				COMBINE_HIDPI_IMAGES = YES;
				COPY_PHASE_STRIP = NO;
				DEBUG_INFORMATION_FORMAT = dwarf;
				DYLIB_INSTALL_NAME_BASE = "@rpath";
				ENABLE_NS_ASSERTIONS = YES;
				GCC_OPTIMIZATION_LEVEL = 0;
				MACOSX_DEPLOYMENT_TARGET = 10.10;
				ONLY_ACTIVE_ARCH = YES;
				OTHER_SWIFT_FLAGS = "-DXcode";
				PRODUCT_NAME = "$(TARGET_NAME)";
				SDKROOT = macosx;
				SUPPORTED_PLATFORMS = "macosx iphoneos iphonesimulator appletvos appletvsimulator watchos watchsimulator";
				SWIFT_ACTIVE_COMPILATION_CONDITIONS = SWIFT_PACKAGE;
				SWIFT_OPTIMIZATION_LEVEL = "-Onone";
				USE_HEADERMAP = NO;
			};
			name = Debug;
		};
		OBJ_4 /* Release */ = {
			isa = XCBuildConfiguration;
			buildSettings = {
				CLANG_ENABLE_OBJC_ARC = YES;
				COMBINE_HIDPI_IMAGES = YES;
				COPY_PHASE_STRIP = YES;
				DEBUG_INFORMATION_FORMAT = "dwarf-with-dsym";
				DYLIB_INSTALL_NAME_BASE = "@rpath";
				GCC_OPTIMIZATION_LEVEL = s;
				MACOSX_DEPLOYMENT_TARGET = 10.10;
				OTHER_SWIFT_FLAGS = "-DXcode";
				PRODUCT_NAME = "$(TARGET_NAME)";
				SDKROOT = macosx;
				SUPPORTED_PLATFORMS = "macosx iphoneos iphonesimulator appletvos appletvsimulator watchos watchsimulator";
				SWIFT_ACTIVE_COMPILATION_CONDITIONS = SWIFT_PACKAGE;
				SWIFT_OPTIMIZATION_LEVEL = "-Owholemodule";
				USE_HEADERMAP = NO;
			};
			name = Release;
		};
/* End XCBuildConfiguration section */

/* Begin XCConfigurationList section */
		OBJ_116 /* Build configuration list for PBXNativeTarget "CNIOAtomics" */ = {
			isa = XCConfigurationList;
			buildConfigurations = (
				OBJ_117 /* Debug */,
				OBJ_118 /* Release */,
			);
			defaultConfigurationIsVisible = 0;
			defaultConfigurationName = Release;
		};
		OBJ_123 /* Build configuration list for PBXNativeTarget "CNIODarwin" */ = {
			isa = XCConfigurationList;
			buildConfigurations = (
				OBJ_124 /* Debug */,
				OBJ_125 /* Release */,
			);
			defaultConfigurationIsVisible = 0;
			defaultConfigurationName = Release;
		};
		OBJ_130 /* Build configuration list for PBXNativeTarget "CNIOLinux" */ = {
			isa = XCConfigurationList;
			buildConfigurations = (
				OBJ_131 /* Debug */,
				OBJ_132 /* Release */,
			);
			defaultConfigurationIsVisible = 0;
			defaultConfigurationName = Release;
		};
		OBJ_137 /* Build configuration list for PBXNativeTarget "CNIOSHA1" */ = {
			isa = XCConfigurationList;
			buildConfigurations = (
				OBJ_138 /* Debug */,
				OBJ_139 /* Release */,
			);
			defaultConfigurationIsVisible = 0;
			defaultConfigurationName = Release;
		};
		OBJ_144 /* Build configuration list for PBXNativeTarget "NIO" */ = {
			isa = XCConfigurationList;
			buildConfigurations = (
				OBJ_145 /* Debug */,
				OBJ_146 /* Release */,
			);
			defaultConfigurationIsVisible = 0;
			defaultConfigurationName = Release;
		};
		OBJ_2 /* Build configuration list for PBXProject "QOTD-NIO" */ = {
			isa = XCConfigurationList;
			buildConfigurations = (
				OBJ_3 /* Debug */,
				OBJ_4 /* Release */,
			);
			defaultConfigurationIsVisible = 0;
			defaultConfigurationName = Release;
		};
		OBJ_211 /* Build configuration list for PBXNativeTarget "NIOConcurrencyHelpers" */ = {
			isa = XCConfigurationList;
			buildConfigurations = (
				OBJ_212 /* Debug */,
				OBJ_213 /* Release */,
			);
			defaultConfigurationIsVisible = 0;
			defaultConfigurationName = Release;
		};
		OBJ_220 /* Build configuration list for PBXNativeTarget "NIOPriorityQueue" */ = {
			isa = XCConfigurationList;
			buildConfigurations = (
				OBJ_221 /* Debug */,
				OBJ_222 /* Release */,
			);
			defaultConfigurationIsVisible = 0;
			defaultConfigurationName = Release;
		};
		OBJ_228 /* Build configuration list for PBXNativeTarget "QOTD-NIO" */ = {
			isa = XCConfigurationList;
			buildConfigurations = (
				OBJ_229 /* Debug */,
				OBJ_230 /* Release */,
			);
			defaultConfigurationIsVisible = 0;
			defaultConfigurationName = Release;
		};
		OBJ_252 /* Build configuration list for PBXNativeTarget "QOTD-NIOPackageDescription" */ = {
			isa = XCConfigurationList;
			buildConfigurations = (
				OBJ_253 /* Debug */,
				OBJ_254 /* Release */,
			);
			defaultConfigurationIsVisible = 0;
			defaultConfigurationName = Release;
		};
		OBJ_258 /* Build configuration list for PBXNativeTarget "swift-nioPackageDescription" */ = {
			isa = XCConfigurationList;
			buildConfigurations = (
				OBJ_259 /* Debug */,
				OBJ_260 /* Release */,
			);
			defaultConfigurationIsVisible = 0;
			defaultConfigurationName = Release;
		};
/* End XCConfigurationList section */
	};
	rootObject = OBJ_1 /* Project object */;
}
